// !$*UTF8*$!
{
	archiveVersion = 1;
	classes = {
	};
	objectVersion = 46;
	objects = {

/* Begin PBXBuildFile section */
		2393E95399FB46959163341F /* libPods.a in Frameworks */ = {isa = PBXBuildFile; fileRef = 5349BA65B79B419F82402CEE /* libPods.a */; };
		3B28FDAD18B9FAB100E1D5B1 /* EGORefreshTableHeaderView.m in Sources */ = {isa = PBXBuildFile; fileRef = 3B28FD9D18B9FAB100E1D5B1 /* EGORefreshTableHeaderView.m */; settings = {COMPILER_FLAGS = "-fno-objc-arc"; }; };
		3B28FDAE18B9FAB100E1D5B1 /* LoadMoreTableFooterView.m in Sources */ = {isa = PBXBuildFile; fileRef = 3B28FD9F18B9FAB100E1D5B1 /* LoadMoreTableFooterView.m */; settings = {COMPILER_FLAGS = "-fno-objc-arc"; }; };
		3B28FDAF18B9FAB100E1D5B1 /* MessageInterceptor.m in Sources */ = {isa = PBXBuildFile; fileRef = 3B28FDA118B9FAB100E1D5B1 /* MessageInterceptor.m */; settings = {COMPILER_FLAGS = "-fno-objc-arc"; }; };
		3B28FDB018B9FAB100E1D5B1 /* PullTableView.m in Sources */ = {isa = PBXBuildFile; fileRef = 3B28FDA318B9FAB100E1D5B1 /* PullTableView.m */; settings = {COMPILER_FLAGS = "-fno-objc-arc"; }; };
		3B28FDB118B9FAB100E1D5B1 /* blackArrow.png in Resources */ = {isa = PBXBuildFile; fileRef = 3B28FDA518B9FAB100E1D5B1 /* blackArrow.png */; };
		3B28FDB218B9FAB100E1D5B1 /* blackArrow@2x.png in Resources */ = {isa = PBXBuildFile; fileRef = 3B28FDA618B9FAB100E1D5B1 /* blackArrow@2x.png */; };
		3B28FDB318B9FAB100E1D5B1 /* blueArrow.png in Resources */ = {isa = PBXBuildFile; fileRef = 3B28FDA718B9FAB100E1D5B1 /* blueArrow.png */; };
		3B28FDB418B9FAB100E1D5B1 /* blueArrow@2x.png in Resources */ = {isa = PBXBuildFile; fileRef = 3B28FDA818B9FAB100E1D5B1 /* blueArrow@2x.png */; };
		3B28FDB518B9FAB100E1D5B1 /* grayArrow.png in Resources */ = {isa = PBXBuildFile; fileRef = 3B28FDA918B9FAB100E1D5B1 /* grayArrow.png */; };
		3B28FDB618B9FAB100E1D5B1 /* grayArrow@2x.png in Resources */ = {isa = PBXBuildFile; fileRef = 3B28FDAA18B9FAB100E1D5B1 /* grayArrow@2x.png */; };
		3B28FDB718B9FAB100E1D5B1 /* whiteArrow.png in Resources */ = {isa = PBXBuildFile; fileRef = 3B28FDAB18B9FAB100E1D5B1 /* whiteArrow.png */; };
		3B28FDB818B9FAB100E1D5B1 /* whiteArrow@2x.png in Resources */ = {isa = PBXBuildFile; fileRef = 3B28FDAC18B9FAB100E1D5B1 /* whiteArrow@2x.png */; };
		3B574E8518C1A25400C6F6FC /* NavigationScrollView.m in Sources */ = {isa = PBXBuildFile; fileRef = 3B574E8218C1A25400C6F6FC /* NavigationScrollView.m */; };
		3B574E8618C1A25400C6F6FC /* NewsModel.m in Sources */ = {isa = PBXBuildFile; fileRef = 3B574E8418C1A25400C6F6FC /* NewsModel.m */; };
		3B574E8818C1A2A100C6F6FC /* cache.sql in Resources */ = {isa = PBXBuildFile; fileRef = 3B574E8718C1A2A100C6F6FC /* cache.sql */; };
		3B574E8D18C1C0DA00C6F6FC /* NewsCell.m in Sources */ = {isa = PBXBuildFile; fileRef = 3B574E8C18C1C0DA00C6F6FC /* NewsCell.m */; };
		3B574E9018C1C10400C6F6FC /* NewsFocusCell.m in Sources */ = {isa = PBXBuildFile; fileRef = 3B574E8F18C1C10400C6F6FC /* NewsFocusCell.m */; };
		3B574E9218C1C13F00C6F6FC /* NewsCell.xib in Resources */ = {isa = PBXBuildFile; fileRef = 3B574E9118C1C13F00C6F6FC /* NewsCell.xib */; };
		3B574E9418C1C17300C6F6FC /* NewsFocusCell.xib in Resources */ = {isa = PBXBuildFile; fileRef = 3B574E9318C1C17300C6F6FC /* NewsFocusCell.xib */; };
		3B7CD26218B9C2C100EC1975 /* CustomTabBarView.m in Sources */ = {isa = PBXBuildFile; fileRef = 3B7CD26118B9C2C100EC1975 /* CustomTabBarView.m */; };
		3B7CD26418B9C2D900EC1975 /* CustomTabBarView.xib in Resources */ = {isa = PBXBuildFile; fileRef = 3B7CD26318B9C2D900EC1975 /* CustomTabBarView.xib */; };
		3B7CD26B18B9D78700EC1975 /* navigations.txt in Resources */ = {isa = PBXBuildFile; fileRef = 3B7CD26A18B9D78700EC1975 /* navigations.txt */; };
		3B834D1D18B8792600AA5876 /* Foundation.framework in Frameworks */ = {isa = PBXBuildFile; fileRef = 3B834D1C18B8792600AA5876 /* Foundation.framework */; };
		3B834D1F18B8792600AA5876 /* CoreGraphics.framework in Frameworks */ = {isa = PBXBuildFile; fileRef = 3B834D1E18B8792600AA5876 /* CoreGraphics.framework */; };
		3B834D2118B8792600AA5876 /* UIKit.framework in Frameworks */ = {isa = PBXBuildFile; fileRef = 3B834D2018B8792600AA5876 /* UIKit.framework */; };
		3B834D2718B8792600AA5876 /* InfoPlist.strings in Resources */ = {isa = PBXBuildFile; fileRef = 3B834D2518B8792600AA5876 /* InfoPlist.strings */; };
		3B834D2918B8792600AA5876 /* main.m in Sources */ = {isa = PBXBuildFile; fileRef = 3B834D2818B8792600AA5876 /* main.m */; };
		3B834D2D18B8792600AA5876 /* AppDelegate.m in Sources */ = {isa = PBXBuildFile; fileRef = 3B834D2C18B8792600AA5876 /* AppDelegate.m */; };
		3B834D3018B8792600AA5876 /* Main.storyboard in Resources */ = {isa = PBXBuildFile; fileRef = 3B834D2E18B8792600AA5876 /* Main.storyboard */; };
		3B834D3318B8792600AA5876 /* ViewController.m in Sources */ = {isa = PBXBuildFile; fileRef = 3B834D3218B8792600AA5876 /* ViewController.m */; };
		3B834D3518B8792600AA5876 /* Images.xcassets in Resources */ = {isa = PBXBuildFile; fileRef = 3B834D3418B8792600AA5876 /* Images.xcassets */; };
		3B834D3C18B8792600AA5876 /* XCTest.framework in Frameworks */ = {isa = PBXBuildFile; fileRef = 3B834D3B18B8792600AA5876 /* XCTest.framework */; };
		3B834D3D18B8792600AA5876 /* Foundation.framework in Frameworks */ = {isa = PBXBuildFile; fileRef = 3B834D1C18B8792600AA5876 /* Foundation.framework */; };
		3B834D3E18B8792600AA5876 /* UIKit.framework in Frameworks */ = {isa = PBXBuildFile; fileRef = 3B834D2018B8792600AA5876 /* UIKit.framework */; };
		3B834D4618B8792600AA5876 /* InfoPlist.strings in Resources */ = {isa = PBXBuildFile; fileRef = 3B834D4418B8792600AA5876 /* InfoPlist.strings */; };
		3B834D4818B8792600AA5876 /* HandOnEastWindTests.m in Sources */ = {isa = PBXBuildFile; fileRef = 3B834D4718B8792600AA5876 /* HandOnEastWindTests.m */; };
		3B834D5418B888C900AA5876 /* home_tabbar_bg.png in Resources */ = {isa = PBXBuildFile; fileRef = 3B834D5218B888C900AA5876 /* home_tabbar_bg.png */; };
		3B834D5518B888C900AA5876 /* home_tabbar_bg@2x.png in Resources */ = {isa = PBXBuildFile; fileRef = 3B834D5318B888C900AA5876 /* home_tabbar_bg@2x.png */; };
		3B834D5918B888F900AA5876 /* HomeViewController.m in Sources */ = {isa = PBXBuildFile; fileRef = 3B834D5818B888F900AA5876 /* HomeViewController.m */; };
		3B9F1AE218B8D783007FD82E /* NavigationViewController.m in Sources */ = {isa = PBXBuildFile; fileRef = 3B9F1AE118B8D783007FD82E /* NavigationViewController.m */; };
		3B9F1AE818B8D7B7007FD82E /* SharedViewController.m in Sources */ = {isa = PBXBuildFile; fileRef = 3B9F1AE718B8D7B7007FD82E /* SharedViewController.m */; };
		3B9F1AEB18B8D7CD007FD82E /* SettingViewController.m in Sources */ = {isa = PBXBuildFile; fileRef = 3B9F1AEA18B8D7CD007FD82E /* SettingViewController.m */; };
		3B9F1AEE18B8D90F007FD82E /* NewsDetailsViewController.m in Sources */ = {isa = PBXBuildFile; fileRef = 3B9F1AED18B8D90F007FD82E /* NewsDetailsViewController.m */; };
		3BB0645F18CAE86F00F09ADD /* AdView.m in Sources */ = {isa = PBXBuildFile; fileRef = 3BB0645E18CAE86F00F09ADD /* AdView.m */; };
		3BB0646D18CB06CF00F09ADD /* NewsViewController.m in Sources */ = {isa = PBXBuildFile; fileRef = 3BB0646C18CB06CF00F09ADD /* NewsViewController.m */; };
		3BB0647018CB3DE800F09ADD /* image_default.png in Resources */ = {isa = PBXBuildFile; fileRef = 3BB0646E18CB3DE800F09ADD /* image_default.png */; };
		3BB0647118CB3DE800F09ADD /* image_default@2x.png in Resources */ = {isa = PBXBuildFile; fileRef = 3BB0646F18CB3DE800F09ADD /* image_default@2x.png */; };
		3BFD6C5718C329630073F502 /* news_template.html in Resources */ = {isa = PBXBuildFile; fileRef = 3BFD6C5618C329630073F502 /* news_template.html */; };
		6E18A47318CD5CC6005431A4 /* CopyConnection.framework in Frameworks */ = {isa = PBXBuildFile; fileRef = 6E18A42118CD5CC5005431A4 /* CopyConnection.framework */; };
		6E18A47418CD5CC6005431A4 /* DouBanConnection.framework in Frameworks */ = {isa = PBXBuildFile; fileRef = 6E18A42218CD5CC5005431A4 /* DouBanConnection.framework */; };
		6E18A47518CD5CC6005431A4 /* DropboxConnection.framework in Frameworks */ = {isa = PBXBuildFile; fileRef = 6E18A42318CD5CC5005431A4 /* DropboxConnection.framework */; };
		6E18A47618CD5CC6005431A4 /* EverNoteConnection.framework in Frameworks */ = {isa = PBXBuildFile; fileRef = 6E18A42418CD5CC6005431A4 /* EverNoteConnection.framework */; };
		6E18A47718CD5CC6005431A4 /* FacebookConnection.framework in Frameworks */ = {isa = PBXBuildFile; fileRef = 6E18A42518CD5CC6005431A4 /* FacebookConnection.framework */; };
		6E18A47818CD5CC6005431A4 /* FlickrConnection.framework in Frameworks */ = {isa = PBXBuildFile; fileRef = 6E18A42618CD5CC6005431A4 /* FlickrConnection.framework */; };
		6E18A47918CD5CC6005431A4 /* GooglePlusConnection.framework in Frameworks */ = {isa = PBXBuildFile; fileRef = 6E18A42718CD5CC6005431A4 /* GooglePlusConnection.framework */; };
		6E18A47A18CD5CC6005431A4 /* InstagramConnection.framework in Frameworks */ = {isa = PBXBuildFile; fileRef = 6E18A42818CD5CC6005431A4 /* InstagramConnection.framework */; };
		6E18A47B18CD5CC6005431A4 /* InstapaperConnection.framework in Frameworks */ = {isa = PBXBuildFile; fileRef = 6E18A42918CD5CC6005431A4 /* InstapaperConnection.framework */; };
		6E18A47C18CD5CC6005431A4 /* InstapaperResource.bundle in Resources */ = {isa = PBXBuildFile; fileRef = 6E18A42A18CD5CC6005431A4 /* InstapaperResource.bundle */; };
		6E18A47D18CD5CC6005431A4 /* KaiXinConnection.framework in Frameworks */ = {isa = PBXBuildFile; fileRef = 6E18A42B18CD5CC6005431A4 /* KaiXinConnection.framework */; };
		6E18A47E18CD5CC6005431A4 /* LinkedInConnection.framework in Frameworks */ = {isa = PBXBuildFile; fileRef = 6E18A42C18CD5CC6005431A4 /* LinkedInConnection.framework */; };
		6E18A47F18CD5CC6005431A4 /* MailConnection.framework in Frameworks */ = {isa = PBXBuildFile; fileRef = 6E18A42D18CD5CC6005431A4 /* MailConnection.framework */; };
		6E18A48018CD5CC6005431A4 /* PinterestConnection.framework in Frameworks */ = {isa = PBXBuildFile; fileRef = 6E18A42E18CD5CC6005431A4 /* PinterestConnection.framework */; };
		6E18A48118CD5CC6005431A4 /* PocketConnection.framework in Frameworks */ = {isa = PBXBuildFile; fileRef = 6E18A42F18CD5CC6005431A4 /* PocketConnection.framework */; };
		6E18A48218CD5CC6005431A4 /* PrintConnection.framework in Frameworks */ = {isa = PBXBuildFile; fileRef = 6E18A43018CD5CC6005431A4 /* PrintConnection.framework */; };
		6E18A48318CD5CC6005431A4 /* QQConnection.framework in Frameworks */ = {isa = PBXBuildFile; fileRef = 6E18A43118CD5CC6005431A4 /* QQConnection.framework */; };
		6E18A48418CD5CC6005431A4 /* QZoneConnection.framework in Frameworks */ = {isa = PBXBuildFile; fileRef = 6E18A43218CD5CC6005431A4 /* QZoneConnection.framework */; };
		6E18A48518CD5CC6005431A4 /* RenRenConnection.framework in Frameworks */ = {isa = PBXBuildFile; fileRef = 6E18A43318CD5CC6005431A4 /* RenRenConnection.framework */; };
		6E18A48618CD5CC6005431A4 /* SinaWeiboConnection.framework in Frameworks */ = {isa = PBXBuildFile; fileRef = 6E18A43418CD5CC6005431A4 /* SinaWeiboConnection.framework */; };
		6E18A48718CD5CC6005431A4 /* SMSConnection.framework in Frameworks */ = {isa = PBXBuildFile; fileRef = 6E18A43518CD5CC6005431A4 /* SMSConnection.framework */; };
		6E18A48818CD5CC6005431A4 /* SohuConnection.framework in Frameworks */ = {isa = PBXBuildFile; fileRef = 6E18A43618CD5CC6005431A4 /* SohuConnection.framework */; };
		6E18A48918CD5CC6005431A4 /* SohuWeiboConnection.framework in Frameworks */ = {isa = PBXBuildFile; fileRef = 6E18A43718CD5CC6005431A4 /* SohuWeiboConnection.framework */; };
		6E18A48A18CD5CC6005431A4 /* T163WeiboConnection.framework in Frameworks */ = {isa = PBXBuildFile; fileRef = 6E18A43818CD5CC6005431A4 /* T163WeiboConnection.framework */; };
		6E18A48B18CD5CC6005431A4 /* TencentWeiboConnection.framework in Frameworks */ = {isa = PBXBuildFile; fileRef = 6E18A43918CD5CC6005431A4 /* TencentWeiboConnection.framework */; };
		6E18A48C18CD5CC6005431A4 /* TumblrConnection.framework in Frameworks */ = {isa = PBXBuildFile; fileRef = 6E18A43A18CD5CC6005431A4 /* TumblrConnection.framework */; };
		6E18A48D18CD5CC6005431A4 /* TwitterConnection.framework in Frameworks */ = {isa = PBXBuildFile; fileRef = 6E18A43B18CD5CC6005431A4 /* TwitterConnection.framework */; };
		6E18A48E18CD5CC6005431A4 /* VKontakteConnection.framework in Frameworks */ = {isa = PBXBuildFile; fileRef = 6E18A43C18CD5CC6005431A4 /* VKontakteConnection.framework */; };
		6E18A48F18CD5CC6005431A4 /* WeChatConnection.framework in Frameworks */ = {isa = PBXBuildFile; fileRef = 6E18A43D18CD5CC6005431A4 /* WeChatConnection.framework */; };
		6E18A49018CD5CC6005431A4 /* YiXinConnection.framework in Frameworks */ = {isa = PBXBuildFile; fileRef = 6E18A43E18CD5CC6005431A4 /* YiXinConnection.framework */; };
		6E18A49118CD5CC6005431A4 /* YouDaoNoteConnection.framework in Frameworks */ = {isa = PBXBuildFile; fileRef = 6E18A43F18CD5CC6005431A4 /* YouDaoNoteConnection.framework */; };
		6E18A49218CD5CC6005431A4 /* AGCommon.framework in Frameworks */ = {isa = PBXBuildFile; fileRef = 6E18A44118CD5CC6005431A4 /* AGCommon.framework */; };
		6E18A49318CD5CC6005431A4 /* ShareSDKLocalizable.strings in Resources */ = {isa = PBXBuildFile; fileRef = 6E18A44218CD5CC6005431A4 /* ShareSDKLocalizable.strings */; };
		6E18A49418CD5CC6005431A4 /* Resource.bundle in Resources */ = {isa = PBXBuildFile; fileRef = 6E18A44418CD5CC6005431A4 /* Resource.bundle */; };
		6E18A49518CD5CC6005431A4 /* ShareSDKCoreService.framework in Frameworks */ = {isa = PBXBuildFile; fileRef = 6E18A44518CD5CC6005431A4 /* ShareSDKCoreService.framework */; };
		6E18A49618CD5CC6005431A4 /* GoogleOpenSource.framework in Frameworks */ = {isa = PBXBuildFile; fileRef = 6E18A44918CD5CC6005431A4 /* GoogleOpenSource.framework */; };
		6E18A49718CD5CC6005431A4 /* GooglePlus.bundle in Resources */ = {isa = PBXBuildFile; fileRef = 6E18A44A18CD5CC6005431A4 /* GooglePlus.bundle */; };
		6E18A49818CD5CC6005431A4 /* GooglePlus.framework in Frameworks */ = {isa = PBXBuildFile; fileRef = 6E18A44B18CD5CC6005431A4 /* GooglePlus.framework */; };
		6E18A49918CD5CC6005431A4 /* Pinterest.framework in Frameworks */ = {isa = PBXBuildFile; fileRef = 6E18A44D18CD5CC6005431A4 /* Pinterest.framework */; };
		6E18A49A18CD5CC7005431A4 /* PinterestSDKResources.bundle in Resources */ = {isa = PBXBuildFile; fileRef = 6E18A44F18CD5CC6005431A4 /* PinterestSDKResources.bundle */; };
		6E18A49B18CD5CC7005431A4 /* TencentOpenAPI.framework in Frameworks */ = {isa = PBXBuildFile; fileRef = 6E18A45118CD5CC6005431A4 /* TencentOpenAPI.framework */; };
		6E18A49C18CD5CC7005431A4 /* TencentOpenApi_IOS_Bundle.bundle in Resources */ = {isa = PBXBuildFile; fileRef = 6E18A45218CD5CC6005431A4 /* TencentOpenApi_IOS_Bundle.bundle */; };
		6E18A49D18CD5CC7005431A4 /* RennSDK.bundle in Resources */ = {isa = PBXBuildFile; fileRef = 6E18A45418CD5CC6005431A4 /* RennSDK.bundle */; };
		6E18A49E18CD5CC7005431A4 /* RennSDK.framework in Frameworks */ = {isa = PBXBuildFile; fileRef = 6E18A45518CD5CC6005431A4 /* RennSDK.framework */; };
		6E18A49F18CD5CC7005431A4 /* libSinaWeiboSDK.a in Frameworks */ = {isa = PBXBuildFile; fileRef = 6E18A45718CD5CC6005431A4 /* libSinaWeiboSDK.a */; };
		6E18A4A018CD5CC7005431A4 /* WeiboSDK.bundle in Resources */ = {isa = PBXBuildFile; fileRef = 6E18A45818CD5CC6005431A4 /* WeiboSDK.bundle */; };
		6E18A4A118CD5CC7005431A4 /* libTCWeiboSDK.a in Frameworks */ = {isa = PBXBuildFile; fileRef = 6E18A45B18CD5CC6005431A4 /* libTCWeiboSDK.a */; };
		6E18A4A218CD5CC7005431A4 /* libWeChatSDK.a in Frameworks */ = {isa = PBXBuildFile; fileRef = 6E18A45E18CD5CC6005431A4 /* libWeChatSDK.a */; };
		6E18A4A318CD5CC7005431A4 /* libYixinSDK.a in Frameworks */ = {isa = PBXBuildFile; fileRef = 6E18A46218CD5CC6005431A4 /* libYixinSDK.a */; };
		6E18A4A418CD5CC7005431A4 /* ShareSDK.framework in Frameworks */ = {isa = PBXBuildFile; fileRef = 6E18A46518CD5CC6005431A4 /* ShareSDK.framework */; };
		6E18A4A518CD5CC7005431A4 /* ShareSDKFlatShareViewUI.bundle in Resources */ = {isa = PBXBuildFile; fileRef = 6E18A46718CD5CC6005431A4 /* ShareSDKFlatShareViewUI.bundle */; };
		6E18A4A618CD5CC7005431A4 /* ShareSDKFlatShareViewUI.framework in Frameworks */ = {isa = PBXBuildFile; fileRef = 6E18A46818CD5CC6005431A4 /* ShareSDKFlatShareViewUI.framework */; };
		6E18A4A718CD5CC7005431A4 /* ShareSDKiPadDefaultShareViewUI.bundle in Resources */ = {isa = PBXBuildFile; fileRef = 6E18A46918CD5CC6005431A4 /* ShareSDKiPadDefaultShareViewUI.bundle */; };
		6E18A4A818CD5CC7005431A4 /* ShareSDKiPadDefaultShareViewUI.framework in Frameworks */ = {isa = PBXBuildFile; fileRef = 6E18A46A18CD5CC6005431A4 /* ShareSDKiPadDefaultShareViewUI.framework */; };
		6E18A4A918CD5CC7005431A4 /* ShareSDKiPadSimpleShareViewUI.bundle in Resources */ = {isa = PBXBuildFile; fileRef = 6E18A46B18CD5CC6005431A4 /* ShareSDKiPadSimpleShareViewUI.bundle */; };
		6E18A4AA18CD5CC7005431A4 /* ShareSDKiPadSimpleShareViewUI.framework in Frameworks */ = {isa = PBXBuildFile; fileRef = 6E18A46C18CD5CC6005431A4 /* ShareSDKiPadSimpleShareViewUI.framework */; };
		6E18A4AB18CD5CC7005431A4 /* ShareSDKiPhoneAppRecommendShareViewUI.framework in Frameworks */ = {isa = PBXBuildFile; fileRef = 6E18A46D18CD5CC6005431A4 /* ShareSDKiPhoneAppRecommendShareViewUI.framework */; };
		6E18A4AC18CD5CC7005431A4 /* ShareSDKiPhoneDefaultShareViewUI.bundle in Resources */ = {isa = PBXBuildFile; fileRef = 6E18A46E18CD5CC6005431A4 /* ShareSDKiPhoneDefaultShareViewUI.bundle */; };
		6E18A4AD18CD5CC7005431A4 /* ShareSDKiPhoneDefaultShareViewUI.framework in Frameworks */ = {isa = PBXBuildFile; fileRef = 6E18A46F18CD5CC6005431A4 /* ShareSDKiPhoneDefaultShareViewUI.framework */; };
		6E18A4AE18CD5CC7005431A4 /* ShareSDKiPhoneSimpleShareViewUI.bundle in Resources */ = {isa = PBXBuildFile; fileRef = 6E18A47018CD5CC6005431A4 /* ShareSDKiPhoneSimpleShareViewUI.bundle */; };
		6E18A4AF18CD5CC7005431A4 /* ShareSDKiPhoneSimpleShareViewUI.framework in Frameworks */ = {isa = PBXBuildFile; fileRef = 6E18A47118CD5CC6005431A4 /* ShareSDKiPhoneSimpleShareViewUI.framework */; };
		6E18A4B018CD5CC7005431A4 /* ShareSDKShareActionSheet.framework in Frameworks */ = {isa = PBXBuildFile; fileRef = 6E18A47218CD5CC6005431A4 /* ShareSDKShareActionSheet.framework */; };
		6E18A4B218CD5D80005431A4 /* SystemConfiguration.framework in Frameworks */ = {isa = PBXBuildFile; fileRef = 6E18A4B118CD5D80005431A4 /* SystemConfiguration.framework */; };
		6E18A4B418CD5D8F005431A4 /* QuartzCore.framework in Frameworks */ = {isa = PBXBuildFile; fileRef = 6E18A4B318CD5D8F005431A4 /* QuartzCore.framework */; };
		6E18A4B618CD5D9F005431A4 /* CoreTelephony.framework in Frameworks */ = {isa = PBXBuildFile; fileRef = 6E18A4B518CD5D9F005431A4 /* CoreTelephony.framework */; };
		6E18A4B818CD5DB2005431A4 /* libicucore.dylib in Frameworks */ = {isa = PBXBuildFile; fileRef = 6E18A4B718CD5DB2005431A4 /* libicucore.dylib */; };
		6E18A4BA18CD5DC1005431A4 /* libz.1.2.5.dylib in Frameworks */ = {isa = PBXBuildFile; fileRef = 6E18A4B918CD5DC1005431A4 /* libz.1.2.5.dylib */; };
		6E18A4BC18CD5DF7005431A4 /* libstdc++.dylib in Frameworks */ = {isa = PBXBuildFile; fileRef = 6E18A4BB18CD5DF7005431A4 /* libstdc++.dylib */; };
		6E18A4BE18CD5E0B005431A4 /* libsqlite3.dylib in Frameworks */ = {isa = PBXBuildFile; fileRef = 6E18A4BD18CD5E0B005431A4 /* libsqlite3.dylib */; };
		6E18A4C018CD5E1C005431A4 /* Security.framework in Frameworks */ = {isa = PBXBuildFile; fileRef = 6E18A4BF18CD5E1C005431A4 /* Security.framework */; };
		6E18A4C218CD5E2C005431A4 /* CoreMotion.framework in Frameworks */ = {isa = PBXBuildFile; fileRef = 6E18A4C118CD5E2C005431A4 /* CoreMotion.framework */; };
		6E18A4C418CD5E3B005431A4 /* CoreLocation.framework in Frameworks */ = {isa = PBXBuildFile; fileRef = 6E18A4C318CD5E3B005431A4 /* CoreLocation.framework */; };
		6E18A4C618CD5E4E005431A4 /* MediaPlayer.framework in Frameworks */ = {isa = PBXBuildFile; fileRef = 6E18A4C518CD5E4E005431A4 /* MediaPlayer.framework */; };
		6E18A4C818CD5E5C005431A4 /* CoreText.framework in Frameworks */ = {isa = PBXBuildFile; fileRef = 6E18A4C718CD5E5C005431A4 /* CoreText.framework */; };
		6E18A4CA18CD5E6D005431A4 /* AssetsLibrary.framework in Frameworks */ = {isa = PBXBuildFile; fileRef = 6E18A4C918CD5E6D005431A4 /* AssetsLibrary.framework */; };
		6E18A4CC18CD5E7D005431A4 /* MessageUI.framework in Frameworks */ = {isa = PBXBuildFile; fileRef = 6E18A4CB18CD5E7D005431A4 /* MessageUI.framework */; };
		6E18A4D918CD7CAC005431A4 /* btn_icon_nav.png in Resources */ = {isa = PBXBuildFile; fileRef = 6E18A4CD18CD7CAC005431A4 /* btn_icon_nav.png */; };
		6E18A4DA18CD7CAC005431A4 /* btn_icon_nav@2x.png in Resources */ = {isa = PBXBuildFile; fileRef = 6E18A4CE18CD7CAC005431A4 /* btn_icon_nav@2x.png */; };
		6E18A4DB18CD7CAC005431A4 /* btn_icon_nav2.png in Resources */ = {isa = PBXBuildFile; fileRef = 6E18A4CF18CD7CAC005431A4 /* btn_icon_nav2.png */; };
		6E18A4DC18CD7CAC005431A4 /* btn_icon_news.png in Resources */ = {isa = PBXBuildFile; fileRef = 6E18A4D018CD7CAC005431A4 /* btn_icon_news.png */; };
		6E18A4DD18CD7CAC005431A4 /* btn_icon_news@2x.png in Resources */ = {isa = PBXBuildFile; fileRef = 6E18A4D118CD7CAC005431A4 /* btn_icon_news@2x.png */; };
		6E18A4DE18CD7CAC005431A4 /* btn_icon_news2.png in Resources */ = {isa = PBXBuildFile; fileRef = 6E18A4D218CD7CAC005431A4 /* btn_icon_news2.png */; };
		6E18A4DF18CD7CAC005431A4 /* btn_icon_share.png in Resources */ = {isa = PBXBuildFile; fileRef = 6E18A4D318CD7CAC005431A4 /* btn_icon_share.png */; };
		6E18A4E018CD7CAC005431A4 /* btn_icon_share@2x.png in Resources */ = {isa = PBXBuildFile; fileRef = 6E18A4D418CD7CAC005431A4 /* btn_icon_share@2x.png */; };
		6E18A4E118CD7CAC005431A4 /* btn_icon_share2.png in Resources */ = {isa = PBXBuildFile; fileRef = 6E18A4D518CD7CAC005431A4 /* btn_icon_share2.png */; };
		6E18A4E218CD7CAC005431A4 /* btn_icon_site.png in Resources */ = {isa = PBXBuildFile; fileRef = 6E18A4D618CD7CAC005431A4 /* btn_icon_site.png */; };
		6E18A4E318CD7CAC005431A4 /* btn_icon_site@2x.png in Resources */ = {isa = PBXBuildFile; fileRef = 6E18A4D718CD7CAC005431A4 /* btn_icon_site@2x.png */; };
		6E18A4E418CD7CAC005431A4 /* btn_icon_site2.png in Resources */ = {isa = PBXBuildFile; fileRef = 6E18A4D818CD7CAC005431A4 /* btn_icon_site2.png */; };
		6E18A4EB18CD9261005431A4 /* news_detail_back.png in Resources */ = {isa = PBXBuildFile; fileRef = 6E18A4E518CD9261005431A4 /* news_detail_back.png */; };
		6E18A4EC18CD9261005431A4 /* news_detail_back@2x.png in Resources */ = {isa = PBXBuildFile; fileRef = 6E18A4E618CD9261005431A4 /* news_detail_back@2x.png */; };
		6E18A4ED18CD9261005431A4 /* news_detail_hook.png in Resources */ = {isa = PBXBuildFile; fileRef = 6E18A4E718CD9261005431A4 /* news_detail_hook.png */; };
		6E18A4EE18CD9261005431A4 /* news_detail_hook@2x.png in Resources */ = {isa = PBXBuildFile; fileRef = 6E18A4E818CD9261005431A4 /* news_detail_hook@2x.png */; };
		6E18A4EF18CD9261005431A4 /* news_detail_share.png in Resources */ = {isa = PBXBuildFile; fileRef = 6E18A4E918CD9261005431A4 /* news_detail_share.png */; };
		6E18A4F018CD9261005431A4 /* news_detail_share@2x.png in Resources */ = {isa = PBXBuildFile; fileRef = 6E18A4EA18CD9261005431A4 /* news_detail_share@2x.png */; };
		6E18A4F318CDAC36005431A4 /* NavigationCell.m in Sources */ = {isa = PBXBuildFile; fileRef = 6E18A4F218CDAC36005431A4 /* NavigationCell.m */; };
		6E18A4F618CDADD2005431A4 /* navigation_icon.png in Resources */ = {isa = PBXBuildFile; fileRef = 6E18A4F418CDADD2005431A4 /* navigation_icon.png */; };
		6E18A4F718CDADD2005431A4 /* navigation_icon@2x.png in Resources */ = {isa = PBXBuildFile; fileRef = 6E18A4F518CDADD2005431A4 /* navigation_icon@2x.png */; };
		6E18A4F918CDC22D005431A4 /* ADView.xib in Resources */ = {isa = PBXBuildFile; fileRef = 6E18A4F818CDC22D005431A4 /* ADView.xib */; };
/* End PBXBuildFile section */

/* Begin PBXContainerItemProxy section */
		3B834D3F18B8792600AA5876 /* PBXContainerItemProxy */ = {
			isa = PBXContainerItemProxy;
			containerPortal = 3B834D1118B8792600AA5876 /* Project object */;
			proxyType = 1;
			remoteGlobalIDString = 3B834D1818B8792600AA5876;
			remoteInfo = HandOnEastWind;
		};
/* End PBXContainerItemProxy section */

/* Begin PBXFileReference section */
		38CAAF5270D84066949ADC37 /* Pods.xcconfig */ = {isa = PBXFileReference; includeInIndex = 1; lastKnownFileType = text.xcconfig; name = Pods.xcconfig; path = Pods/Pods.xcconfig; sourceTree = "<group>"; };
		3B28FD9C18B9FAB100E1D5B1 /* EGORefreshTableHeaderView.h */ = {isa = PBXFileReference; fileEncoding = 4; lastKnownFileType = sourcecode.c.h; path = EGORefreshTableHeaderView.h; sourceTree = "<group>"; };
		3B28FD9D18B9FAB100E1D5B1 /* EGORefreshTableHeaderView.m */ = {isa = PBXFileReference; fileEncoding = 4; lastKnownFileType = sourcecode.c.objc; path = EGORefreshTableHeaderView.m; sourceTree = "<group>"; };
		3B28FD9E18B9FAB100E1D5B1 /* LoadMoreTableFooterView.h */ = {isa = PBXFileReference; fileEncoding = 4; lastKnownFileType = sourcecode.c.h; path = LoadMoreTableFooterView.h; sourceTree = "<group>"; };
		3B28FD9F18B9FAB100E1D5B1 /* LoadMoreTableFooterView.m */ = {isa = PBXFileReference; fileEncoding = 4; lastKnownFileType = sourcecode.c.objc; path = LoadMoreTableFooterView.m; sourceTree = "<group>"; };
		3B28FDA018B9FAB100E1D5B1 /* MessageInterceptor.h */ = {isa = PBXFileReference; fileEncoding = 4; lastKnownFileType = sourcecode.c.h; path = MessageInterceptor.h; sourceTree = "<group>"; };
		3B28FDA118B9FAB100E1D5B1 /* MessageInterceptor.m */ = {isa = PBXFileReference; fileEncoding = 4; lastKnownFileType = sourcecode.c.objc; path = MessageInterceptor.m; sourceTree = "<group>"; };
		3B28FDA218B9FAB100E1D5B1 /* PullTableView.h */ = {isa = PBXFileReference; fileEncoding = 4; lastKnownFileType = sourcecode.c.h; path = PullTableView.h; sourceTree = "<group>"; };
		3B28FDA318B9FAB100E1D5B1 /* PullTableView.m */ = {isa = PBXFileReference; fileEncoding = 4; lastKnownFileType = sourcecode.c.objc; path = PullTableView.m; sourceTree = "<group>"; };
		3B28FDA518B9FAB100E1D5B1 /* blackArrow.png */ = {isa = PBXFileReference; lastKnownFileType = image.png; path = blackArrow.png; sourceTree = "<group>"; };
		3B28FDA618B9FAB100E1D5B1 /* blackArrow@2x.png */ = {isa = PBXFileReference; lastKnownFileType = image.png; path = "blackArrow@2x.png"; sourceTree = "<group>"; };
		3B28FDA718B9FAB100E1D5B1 /* blueArrow.png */ = {isa = PBXFileReference; lastKnownFileType = image.png; path = blueArrow.png; sourceTree = "<group>"; };
		3B28FDA818B9FAB100E1D5B1 /* blueArrow@2x.png */ = {isa = PBXFileReference; lastKnownFileType = image.png; path = "blueArrow@2x.png"; sourceTree = "<group>"; };
		3B28FDA918B9FAB100E1D5B1 /* grayArrow.png */ = {isa = PBXFileReference; lastKnownFileType = image.png; path = grayArrow.png; sourceTree = "<group>"; };
		3B28FDAA18B9FAB100E1D5B1 /* grayArrow@2x.png */ = {isa = PBXFileReference; lastKnownFileType = image.png; path = "grayArrow@2x.png"; sourceTree = "<group>"; };
		3B28FDAB18B9FAB100E1D5B1 /* whiteArrow.png */ = {isa = PBXFileReference; lastKnownFileType = image.png; path = whiteArrow.png; sourceTree = "<group>"; };
		3B28FDAC18B9FAB100E1D5B1 /* whiteArrow@2x.png */ = {isa = PBXFileReference; lastKnownFileType = image.png; path = "whiteArrow@2x.png"; sourceTree = "<group>"; };
		3B574E8118C1A25400C6F6FC /* NavigationScrollView.h */ = {isa = PBXFileReference; fileEncoding = 4; lastKnownFileType = sourcecode.c.h; path = NavigationScrollView.h; sourceTree = "<group>"; };
		3B574E8218C1A25400C6F6FC /* NavigationScrollView.m */ = {isa = PBXFileReference; fileEncoding = 4; lastKnownFileType = sourcecode.c.objc; path = NavigationScrollView.m; sourceTree = "<group>"; };
		3B574E8318C1A25400C6F6FC /* NewsModel.h */ = {isa = PBXFileReference; fileEncoding = 4; lastKnownFileType = sourcecode.c.h; path = NewsModel.h; sourceTree = "<group>"; };
		3B574E8418C1A25400C6F6FC /* NewsModel.m */ = {isa = PBXFileReference; fileEncoding = 4; lastKnownFileType = sourcecode.c.objc; path = NewsModel.m; sourceTree = "<group>"; };
		3B574E8718C1A2A100C6F6FC /* cache.sql */ = {isa = PBXFileReference; fileEncoding = 4; lastKnownFileType = text; path = cache.sql; sourceTree = "<group>"; };
		3B574E8B18C1C0DA00C6F6FC /* NewsCell.h */ = {isa = PBXFileReference; fileEncoding = 4; lastKnownFileType = sourcecode.c.h; path = NewsCell.h; sourceTree = "<group>"; };
		3B574E8C18C1C0DA00C6F6FC /* NewsCell.m */ = {isa = PBXFileReference; fileEncoding = 4; lastKnownFileType = sourcecode.c.objc; path = NewsCell.m; sourceTree = "<group>"; };
		3B574E8E18C1C10400C6F6FC /* NewsFocusCell.h */ = {isa = PBXFileReference; fileEncoding = 4; lastKnownFileType = sourcecode.c.h; path = NewsFocusCell.h; sourceTree = "<group>"; };
		3B574E8F18C1C10400C6F6FC /* NewsFocusCell.m */ = {isa = PBXFileReference; fileEncoding = 4; lastKnownFileType = sourcecode.c.objc; path = NewsFocusCell.m; sourceTree = "<group>"; };
		3B574E9118C1C13F00C6F6FC /* NewsCell.xib */ = {isa = PBXFileReference; fileEncoding = 4; lastKnownFileType = file.xib; path = NewsCell.xib; sourceTree = "<group>"; };
		3B574E9318C1C17300C6F6FC /* NewsFocusCell.xib */ = {isa = PBXFileReference; fileEncoding = 4; lastKnownFileType = file.xib; path = NewsFocusCell.xib; sourceTree = "<group>"; };
		3B7CD26018B9C2C100EC1975 /* CustomTabBarView.h */ = {isa = PBXFileReference; fileEncoding = 4; lastKnownFileType = sourcecode.c.h; path = CustomTabBarView.h; sourceTree = "<group>"; };
		3B7CD26118B9C2C100EC1975 /* CustomTabBarView.m */ = {isa = PBXFileReference; fileEncoding = 4; lastKnownFileType = sourcecode.c.objc; path = CustomTabBarView.m; sourceTree = "<group>"; };
		3B7CD26318B9C2D900EC1975 /* CustomTabBarView.xib */ = {isa = PBXFileReference; fileEncoding = 4; lastKnownFileType = file.xib; path = CustomTabBarView.xib; sourceTree = "<group>"; };
		3B7CD26A18B9D78700EC1975 /* navigations.txt */ = {isa = PBXFileReference; fileEncoding = 4; lastKnownFileType = text; path = navigations.txt; sourceTree = "<group>"; };
		3B834D1918B8792600AA5876 /* HandOnEastWind.app */ = {isa = PBXFileReference; explicitFileType = wrapper.application; includeInIndex = 0; path = HandOnEastWind.app; sourceTree = BUILT_PRODUCTS_DIR; };
		3B834D1C18B8792600AA5876 /* Foundation.framework */ = {isa = PBXFileReference; lastKnownFileType = wrapper.framework; name = Foundation.framework; path = System/Library/Frameworks/Foundation.framework; sourceTree = SDKROOT; };
		3B834D1E18B8792600AA5876 /* CoreGraphics.framework */ = {isa = PBXFileReference; lastKnownFileType = wrapper.framework; name = CoreGraphics.framework; path = System/Library/Frameworks/CoreGraphics.framework; sourceTree = SDKROOT; };
		3B834D2018B8792600AA5876 /* UIKit.framework */ = {isa = PBXFileReference; lastKnownFileType = wrapper.framework; name = UIKit.framework; path = System/Library/Frameworks/UIKit.framework; sourceTree = SDKROOT; };
		3B834D2418B8792600AA5876 /* HandOnEastWind-Info.plist */ = {isa = PBXFileReference; lastKnownFileType = text.plist.xml; path = "HandOnEastWind-Info.plist"; sourceTree = "<group>"; };
		3B834D2618B8792600AA5876 /* en */ = {isa = PBXFileReference; lastKnownFileType = text.plist.strings; name = en; path = en.lproj/InfoPlist.strings; sourceTree = "<group>"; };
		3B834D2818B8792600AA5876 /* main.m */ = {isa = PBXFileReference; lastKnownFileType = sourcecode.c.objc; path = main.m; sourceTree = "<group>"; };
		3B834D2A18B8792600AA5876 /* HandOnEastWind-Prefix.pch */ = {isa = PBXFileReference; lastKnownFileType = sourcecode.c.h; path = "HandOnEastWind-Prefix.pch"; sourceTree = "<group>"; };
		3B834D2B18B8792600AA5876 /* AppDelegate.h */ = {isa = PBXFileReference; lastKnownFileType = sourcecode.c.h; path = AppDelegate.h; sourceTree = "<group>"; };
		3B834D2C18B8792600AA5876 /* AppDelegate.m */ = {isa = PBXFileReference; lastKnownFileType = sourcecode.c.objc; path = AppDelegate.m; sourceTree = "<group>"; };
		3B834D2F18B8792600AA5876 /* Base */ = {isa = PBXFileReference; lastKnownFileType = file.storyboard; name = Base; path = Base.lproj/Main.storyboard; sourceTree = "<group>"; };
		3B834D3118B8792600AA5876 /* ViewController.h */ = {isa = PBXFileReference; lastKnownFileType = sourcecode.c.h; path = ViewController.h; sourceTree = "<group>"; };
		3B834D3218B8792600AA5876 /* ViewController.m */ = {isa = PBXFileReference; lastKnownFileType = sourcecode.c.objc; path = ViewController.m; sourceTree = "<group>"; };
		3B834D3418B8792600AA5876 /* Images.xcassets */ = {isa = PBXFileReference; lastKnownFileType = folder.assetcatalog; path = Images.xcassets; sourceTree = "<group>"; };
		3B834D3A18B8792600AA5876 /* HandOnEastWindTests.xctest */ = {isa = PBXFileReference; explicitFileType = wrapper.cfbundle; includeInIndex = 0; path = HandOnEastWindTests.xctest; sourceTree = BUILT_PRODUCTS_DIR; };
		3B834D3B18B8792600AA5876 /* XCTest.framework */ = {isa = PBXFileReference; lastKnownFileType = wrapper.framework; name = XCTest.framework; path = Library/Frameworks/XCTest.framework; sourceTree = DEVELOPER_DIR; };
		3B834D4318B8792600AA5876 /* HandOnEastWindTests-Info.plist */ = {isa = PBXFileReference; lastKnownFileType = text.plist.xml; path = "HandOnEastWindTests-Info.plist"; sourceTree = "<group>"; };
		3B834D4518B8792600AA5876 /* en */ = {isa = PBXFileReference; lastKnownFileType = text.plist.strings; name = en; path = en.lproj/InfoPlist.strings; sourceTree = "<group>"; };
		3B834D4718B8792600AA5876 /* HandOnEastWindTests.m */ = {isa = PBXFileReference; lastKnownFileType = sourcecode.c.objc; path = HandOnEastWindTests.m; sourceTree = "<group>"; };
		3B834D5218B888C900AA5876 /* home_tabbar_bg.png */ = {isa = PBXFileReference; lastKnownFileType = image.png; path = home_tabbar_bg.png; sourceTree = "<group>"; };
		3B834D5318B888C900AA5876 /* home_tabbar_bg@2x.png */ = {isa = PBXFileReference; lastKnownFileType = image.png; path = "home_tabbar_bg@2x.png"; sourceTree = "<group>"; };
		3B834D5718B888F900AA5876 /* HomeViewController.h */ = {isa = PBXFileReference; fileEncoding = 4; lastKnownFileType = sourcecode.c.h; path = HomeViewController.h; sourceTree = "<group>"; };
		3B834D5818B888F900AA5876 /* HomeViewController.m */ = {isa = PBXFileReference; fileEncoding = 4; lastKnownFileType = sourcecode.c.objc; path = HomeViewController.m; sourceTree = "<group>"; };
		3B9F1AE018B8D783007FD82E /* NavigationViewController.h */ = {isa = PBXFileReference; fileEncoding = 4; lastKnownFileType = sourcecode.c.h; path = NavigationViewController.h; sourceTree = "<group>"; };
		3B9F1AE118B8D783007FD82E /* NavigationViewController.m */ = {isa = PBXFileReference; fileEncoding = 4; lastKnownFileType = sourcecode.c.objc; path = NavigationViewController.m; sourceTree = "<group>"; };
		3B9F1AE318B8D79E007FD82E /* NewsViewController.h */ = {isa = PBXFileReference; fileEncoding = 4; lastKnownFileType = sourcecode.c.h; path = NewsViewController.h; sourceTree = "<group>"; };
		3B9F1AE618B8D7B7007FD82E /* SharedViewController.h */ = {isa = PBXFileReference; fileEncoding = 4; lastKnownFileType = sourcecode.c.h; path = SharedViewController.h; sourceTree = "<group>"; };
		3B9F1AE718B8D7B7007FD82E /* SharedViewController.m */ = {isa = PBXFileReference; fileEncoding = 4; lastKnownFileType = sourcecode.c.objc; path = SharedViewController.m; sourceTree = "<group>"; };
		3B9F1AE918B8D7CD007FD82E /* SettingViewController.h */ = {isa = PBXFileReference; fileEncoding = 4; lastKnownFileType = sourcecode.c.h; path = SettingViewController.h; sourceTree = "<group>"; };
		3B9F1AEA18B8D7CD007FD82E /* SettingViewController.m */ = {isa = PBXFileReference; fileEncoding = 4; lastKnownFileType = sourcecode.c.objc; path = SettingViewController.m; sourceTree = "<group>"; };
		3B9F1AEC18B8D90F007FD82E /* NewsDetailsViewController.h */ = {isa = PBXFileReference; fileEncoding = 4; lastKnownFileType = sourcecode.c.h; path = NewsDetailsViewController.h; sourceTree = "<group>"; };
		3B9F1AED18B8D90F007FD82E /* NewsDetailsViewController.m */ = {isa = PBXFileReference; fileEncoding = 4; lastKnownFileType = sourcecode.c.objc; path = NewsDetailsViewController.m; sourceTree = "<group>"; };
		3BB0645D18CAE86F00F09ADD /* AdView.h */ = {isa = PBXFileReference; fileEncoding = 4; lastKnownFileType = sourcecode.c.h; path = AdView.h; sourceTree = "<group>"; };
		3BB0645E18CAE86F00F09ADD /* AdView.m */ = {isa = PBXFileReference; fileEncoding = 4; lastKnownFileType = sourcecode.c.objc; path = AdView.m; sourceTree = "<group>"; };
		3BB0646C18CB06CF00F09ADD /* NewsViewController.m */ = {isa = PBXFileReference; fileEncoding = 4; lastKnownFileType = sourcecode.c.objc; path = NewsViewController.m; sourceTree = "<group>"; };
		3BB0646E18CB3DE800F09ADD /* image_default.png */ = {isa = PBXFileReference; lastKnownFileType = image.png; path = image_default.png; sourceTree = "<group>"; };
		3BB0646F18CB3DE800F09ADD /* image_default@2x.png */ = {isa = PBXFileReference; lastKnownFileType = image.png; path = "image_default@2x.png"; sourceTree = "<group>"; };
		3BFD6C5618C329630073F502 /* news_template.html */ = {isa = PBXFileReference; fileEncoding = 4; lastKnownFileType = text.html; path = news_template.html; sourceTree = "<group>"; };
		5349BA65B79B419F82402CEE /* libPods.a */ = {isa = PBXFileReference; explicitFileType = archive.ar; includeInIndex = 0; path = libPods.a; sourceTree = BUILT_PRODUCTS_DIR; };
		6E18A42118CD5CC5005431A4 /* CopyConnection.framework */ = {isa = PBXFileReference; lastKnownFileType = wrapper.framework; path = CopyConnection.framework; sourceTree = "<group>"; };
		6E18A42218CD5CC5005431A4 /* DouBanConnection.framework */ = {isa = PBXFileReference; lastKnownFileType = wrapper.framework; path = DouBanConnection.framework; sourceTree = "<group>"; };
		6E18A42318CD5CC5005431A4 /* DropboxConnection.framework */ = {isa = PBXFileReference; lastKnownFileType = wrapper.framework; path = DropboxConnection.framework; sourceTree = "<group>"; };
		6E18A42418CD5CC6005431A4 /* EverNoteConnection.framework */ = {isa = PBXFileReference; lastKnownFileType = wrapper.framework; path = EverNoteConnection.framework; sourceTree = "<group>"; };
		6E18A42518CD5CC6005431A4 /* FacebookConnection.framework */ = {isa = PBXFileReference; lastKnownFileType = wrapper.framework; path = FacebookConnection.framework; sourceTree = "<group>"; };
		6E18A42618CD5CC6005431A4 /* FlickrConnection.framework */ = {isa = PBXFileReference; lastKnownFileType = wrapper.framework; path = FlickrConnection.framework; sourceTree = "<group>"; };
		6E18A42718CD5CC6005431A4 /* GooglePlusConnection.framework */ = {isa = PBXFileReference; lastKnownFileType = wrapper.framework; path = GooglePlusConnection.framework; sourceTree = "<group>"; };
		6E18A42818CD5CC6005431A4 /* InstagramConnection.framework */ = {isa = PBXFileReference; lastKnownFileType = wrapper.framework; path = InstagramConnection.framework; sourceTree = "<group>"; };
		6E18A42918CD5CC6005431A4 /* InstapaperConnection.framework */ = {isa = PBXFileReference; lastKnownFileType = wrapper.framework; path = InstapaperConnection.framework; sourceTree = "<group>"; };
		6E18A42A18CD5CC6005431A4 /* InstapaperResource.bundle */ = {isa = PBXFileReference; lastKnownFileType = "wrapper.plug-in"; path = InstapaperResource.bundle; sourceTree = "<group>"; };
		6E18A42B18CD5CC6005431A4 /* KaiXinConnection.framework */ = {isa = PBXFileReference; lastKnownFileType = wrapper.framework; path = KaiXinConnection.framework; sourceTree = "<group>"; };
		6E18A42C18CD5CC6005431A4 /* LinkedInConnection.framework */ = {isa = PBXFileReference; lastKnownFileType = wrapper.framework; path = LinkedInConnection.framework; sourceTree = "<group>"; };
		6E18A42D18CD5CC6005431A4 /* MailConnection.framework */ = {isa = PBXFileReference; lastKnownFileType = wrapper.framework; path = MailConnection.framework; sourceTree = "<group>"; };
		6E18A42E18CD5CC6005431A4 /* PinterestConnection.framework */ = {isa = PBXFileReference; lastKnownFileType = wrapper.framework; path = PinterestConnection.framework; sourceTree = "<group>"; };
		6E18A42F18CD5CC6005431A4 /* PocketConnection.framework */ = {isa = PBXFileReference; lastKnownFileType = wrapper.framework; path = PocketConnection.framework; sourceTree = "<group>"; };
		6E18A43018CD5CC6005431A4 /* PrintConnection.framework */ = {isa = PBXFileReference; lastKnownFileType = wrapper.framework; path = PrintConnection.framework; sourceTree = "<group>"; };
		6E18A43118CD5CC6005431A4 /* QQConnection.framework */ = {isa = PBXFileReference; lastKnownFileType = wrapper.framework; path = QQConnection.framework; sourceTree = "<group>"; };
		6E18A43218CD5CC6005431A4 /* QZoneConnection.framework */ = {isa = PBXFileReference; lastKnownFileType = wrapper.framework; path = QZoneConnection.framework; sourceTree = "<group>"; };
		6E18A43318CD5CC6005431A4 /* RenRenConnection.framework */ = {isa = PBXFileReference; lastKnownFileType = wrapper.framework; path = RenRenConnection.framework; sourceTree = "<group>"; };
		6E18A43418CD5CC6005431A4 /* SinaWeiboConnection.framework */ = {isa = PBXFileReference; lastKnownFileType = wrapper.framework; path = SinaWeiboConnection.framework; sourceTree = "<group>"; };
		6E18A43518CD5CC6005431A4 /* SMSConnection.framework */ = {isa = PBXFileReference; lastKnownFileType = wrapper.framework; path = SMSConnection.framework; sourceTree = "<group>"; };
		6E18A43618CD5CC6005431A4 /* SohuConnection.framework */ = {isa = PBXFileReference; lastKnownFileType = wrapper.framework; path = SohuConnection.framework; sourceTree = "<group>"; };
		6E18A43718CD5CC6005431A4 /* SohuWeiboConnection.framework */ = {isa = PBXFileReference; lastKnownFileType = wrapper.framework; path = SohuWeiboConnection.framework; sourceTree = "<group>"; };
		6E18A43818CD5CC6005431A4 /* T163WeiboConnection.framework */ = {isa = PBXFileReference; lastKnownFileType = wrapper.framework; path = T163WeiboConnection.framework; sourceTree = "<group>"; };
		6E18A43918CD5CC6005431A4 /* TencentWeiboConnection.framework */ = {isa = PBXFileReference; lastKnownFileType = wrapper.framework; path = TencentWeiboConnection.framework; sourceTree = "<group>"; };
		6E18A43A18CD5CC6005431A4 /* TumblrConnection.framework */ = {isa = PBXFileReference; lastKnownFileType = wrapper.framework; path = TumblrConnection.framework; sourceTree = "<group>"; };
		6E18A43B18CD5CC6005431A4 /* TwitterConnection.framework */ = {isa = PBXFileReference; lastKnownFileType = wrapper.framework; path = TwitterConnection.framework; sourceTree = "<group>"; };
		6E18A43C18CD5CC6005431A4 /* VKontakteConnection.framework */ = {isa = PBXFileReference; lastKnownFileType = wrapper.framework; path = VKontakteConnection.framework; sourceTree = "<group>"; };
		6E18A43D18CD5CC6005431A4 /* WeChatConnection.framework */ = {isa = PBXFileReference; lastKnownFileType = wrapper.framework; path = WeChatConnection.framework; sourceTree = "<group>"; };
		6E18A43E18CD5CC6005431A4 /* YiXinConnection.framework */ = {isa = PBXFileReference; lastKnownFileType = wrapper.framework; path = YiXinConnection.framework; sourceTree = "<group>"; };
		6E18A43F18CD5CC6005431A4 /* YouDaoNoteConnection.framework */ = {isa = PBXFileReference; lastKnownFileType = wrapper.framework; path = YouDaoNoteConnection.framework; sourceTree = "<group>"; };
		6E18A44118CD5CC6005431A4 /* AGCommon.framework */ = {isa = PBXFileReference; lastKnownFileType = wrapper.framework; path = AGCommon.framework; sourceTree = "<group>"; };
		6E18A44318CD5CC6005431A4 /* en */ = {isa = PBXFileReference; lastKnownFileType = text.plist.strings; name = en; path = en.lproj/ShareSDKLocalizable.strings; sourceTree = "<group>"; };
		6E18A44418CD5CC6005431A4 /* Resource.bundle */ = {isa = PBXFileReference; lastKnownFileType = "wrapper.plug-in"; path = Resource.bundle; sourceTree = "<group>"; };
		6E18A44518CD5CC6005431A4 /* ShareSDKCoreService.framework */ = {isa = PBXFileReference; lastKnownFileType = wrapper.framework; path = ShareSDKCoreService.framework; sourceTree = "<group>"; };
		6E18A44618CD5CC6005431A4 /* zh-Hans */ = {isa = PBXFileReference; lastKnownFileType = text.plist.strings; name = "zh-Hans"; path = "zh-Hans.lproj/ShareSDKLocalizable.strings"; sourceTree = "<group>"; };
		6E18A44918CD5CC6005431A4 /* GoogleOpenSource.framework */ = {isa = PBXFileReference; lastKnownFileType = wrapper.framework; path = GoogleOpenSource.framework; sourceTree = "<group>"; };
		6E18A44A18CD5CC6005431A4 /* GooglePlus.bundle */ = {isa = PBXFileReference; lastKnownFileType = "wrapper.plug-in"; path = GooglePlus.bundle; sourceTree = "<group>"; };
		6E18A44B18CD5CC6005431A4 /* GooglePlus.framework */ = {isa = PBXFileReference; lastKnownFileType = wrapper.framework; path = GooglePlus.framework; sourceTree = "<group>"; };
		6E18A44D18CD5CC6005431A4 /* Pinterest.framework */ = {isa = PBXFileReference; lastKnownFileType = wrapper.framework; path = Pinterest.framework; sourceTree = "<group>"; };
		6E18A44F18CD5CC6005431A4 /* PinterestSDKResources.bundle */ = {isa = PBXFileReference; lastKnownFileType = "wrapper.plug-in"; path = PinterestSDKResources.bundle; sourceTree = "<group>"; };
		6E18A45118CD5CC6005431A4 /* TencentOpenAPI.framework */ = {isa = PBXFileReference; lastKnownFileType = wrapper.framework; path = TencentOpenAPI.framework; sourceTree = "<group>"; };
		6E18A45218CD5CC6005431A4 /* TencentOpenApi_IOS_Bundle.bundle */ = {isa = PBXFileReference; lastKnownFileType = "wrapper.plug-in"; path = TencentOpenApi_IOS_Bundle.bundle; sourceTree = "<group>"; };
		6E18A45418CD5CC6005431A4 /* RennSDK.bundle */ = {isa = PBXFileReference; lastKnownFileType = "wrapper.plug-in"; path = RennSDK.bundle; sourceTree = "<group>"; };
		6E18A45518CD5CC6005431A4 /* RennSDK.framework */ = {isa = PBXFileReference; lastKnownFileType = wrapper.framework; path = RennSDK.framework; sourceTree = "<group>"; };
		6E18A45718CD5CC6005431A4 /* libSinaWeiboSDK.a */ = {isa = PBXFileReference; lastKnownFileType = archive.ar; path = libSinaWeiboSDK.a; sourceTree = "<group>"; };
		6E18A45818CD5CC6005431A4 /* WeiboSDK.bundle */ = {isa = PBXFileReference; lastKnownFileType = "wrapper.plug-in"; path = WeiboSDK.bundle; sourceTree = "<group>"; };
		6E18A45918CD5CC6005431A4 /* WeiboSDK.h */ = {isa = PBXFileReference; fileEncoding = 4; lastKnownFileType = sourcecode.c.h; path = WeiboSDK.h; sourceTree = "<group>"; };
		6E18A45B18CD5CC6005431A4 /* libTCWeiboSDK.a */ = {isa = PBXFileReference; lastKnownFileType = archive.ar; path = libTCWeiboSDK.a; sourceTree = "<group>"; };
		6E18A45C18CD5CC6005431A4 /* WeiboApi.h */ = {isa = PBXFileReference; fileEncoding = 4; lastKnownFileType = sourcecode.c.h; path = WeiboApi.h; sourceTree = "<group>"; };
		6E18A45E18CD5CC6005431A4 /* libWeChatSDK.a */ = {isa = PBXFileReference; lastKnownFileType = archive.ar; path = libWeChatSDK.a; sourceTree = "<group>"; };
		6E18A45F18CD5CC6005431A4 /* WXApi.h */ = {isa = PBXFileReference; fileEncoding = 4; lastKnownFileType = sourcecode.c.h; path = WXApi.h; sourceTree = "<group>"; };
		6E18A46018CD5CC6005431A4 /* WXApiObject.h */ = {isa = PBXFileReference; fileEncoding = 4; lastKnownFileType = sourcecode.c.h; path = WXApiObject.h; sourceTree = "<group>"; };
		6E18A46218CD5CC6005431A4 /* libYixinSDK.a */ = {isa = PBXFileReference; lastKnownFileType = archive.ar; path = libYixinSDK.a; sourceTree = "<group>"; };
		6E18A46318CD5CC6005431A4 /* YXApi.h */ = {isa = PBXFileReference; fileEncoding = 4; lastKnownFileType = sourcecode.c.h; path = YXApi.h; sourceTree = "<group>"; };
		6E18A46418CD5CC6005431A4 /* YXApiObject.h */ = {isa = PBXFileReference; fileEncoding = 4; lastKnownFileType = sourcecode.c.h; path = YXApiObject.h; sourceTree = "<group>"; };
		6E18A46518CD5CC6005431A4 /* ShareSDK.framework */ = {isa = PBXFileReference; lastKnownFileType = wrapper.framework; path = ShareSDK.framework; sourceTree = "<group>"; };
		6E18A46718CD5CC6005431A4 /* ShareSDKFlatShareViewUI.bundle */ = {isa = PBXFileReference; lastKnownFileType = "wrapper.plug-in"; path = ShareSDKFlatShareViewUI.bundle; sourceTree = "<group>"; };
		6E18A46818CD5CC6005431A4 /* ShareSDKFlatShareViewUI.framework */ = {isa = PBXFileReference; lastKnownFileType = wrapper.framework; path = ShareSDKFlatShareViewUI.framework; sourceTree = "<group>"; };
		6E18A46918CD5CC6005431A4 /* ShareSDKiPadDefaultShareViewUI.bundle */ = {isa = PBXFileReference; lastKnownFileType = "wrapper.plug-in"; path = ShareSDKiPadDefaultShareViewUI.bundle; sourceTree = "<group>"; };
		6E18A46A18CD5CC6005431A4 /* ShareSDKiPadDefaultShareViewUI.framework */ = {isa = PBXFileReference; lastKnownFileType = wrapper.framework; path = ShareSDKiPadDefaultShareViewUI.framework; sourceTree = "<group>"; };
		6E18A46B18CD5CC6005431A4 /* ShareSDKiPadSimpleShareViewUI.bundle */ = {isa = PBXFileReference; lastKnownFileType = "wrapper.plug-in"; path = ShareSDKiPadSimpleShareViewUI.bundle; sourceTree = "<group>"; };
		6E18A46C18CD5CC6005431A4 /* ShareSDKiPadSimpleShareViewUI.framework */ = {isa = PBXFileReference; lastKnownFileType = wrapper.framework; path = ShareSDKiPadSimpleShareViewUI.framework; sourceTree = "<group>"; };
		6E18A46D18CD5CC6005431A4 /* ShareSDKiPhoneAppRecommendShareViewUI.framework */ = {isa = PBXFileReference; lastKnownFileType = wrapper.framework; path = ShareSDKiPhoneAppRecommendShareViewUI.framework; sourceTree = "<group>"; };
		6E18A46E18CD5CC6005431A4 /* ShareSDKiPhoneDefaultShareViewUI.bundle */ = {isa = PBXFileReference; lastKnownFileType = "wrapper.plug-in"; path = ShareSDKiPhoneDefaultShareViewUI.bundle; sourceTree = "<group>"; };
		6E18A46F18CD5CC6005431A4 /* ShareSDKiPhoneDefaultShareViewUI.framework */ = {isa = PBXFileReference; lastKnownFileType = wrapper.framework; path = ShareSDKiPhoneDefaultShareViewUI.framework; sourceTree = "<group>"; };
		6E18A47018CD5CC6005431A4 /* ShareSDKiPhoneSimpleShareViewUI.bundle */ = {isa = PBXFileReference; lastKnownFileType = "wrapper.plug-in"; path = ShareSDKiPhoneSimpleShareViewUI.bundle; sourceTree = "<group>"; };
		6E18A47118CD5CC6005431A4 /* ShareSDKiPhoneSimpleShareViewUI.framework */ = {isa = PBXFileReference; lastKnownFileType = wrapper.framework; path = ShareSDKiPhoneSimpleShareViewUI.framework; sourceTree = "<group>"; };
		6E18A47218CD5CC6005431A4 /* ShareSDKShareActionSheet.framework */ = {isa = PBXFileReference; lastKnownFileType = wrapper.framework; path = ShareSDKShareActionSheet.framework; sourceTree = "<group>"; };
		6E18A4B118CD5D80005431A4 /* SystemConfiguration.framework */ = {isa = PBXFileReference; lastKnownFileType = wrapper.framework; name = SystemConfiguration.framework; path = System/Library/Frameworks/SystemConfiguration.framework; sourceTree = SDKROOT; };
		6E18A4B318CD5D8F005431A4 /* QuartzCore.framework */ = {isa = PBXFileReference; lastKnownFileType = wrapper.framework; name = QuartzCore.framework; path = System/Library/Frameworks/QuartzCore.framework; sourceTree = SDKROOT; };
		6E18A4B518CD5D9F005431A4 /* CoreTelephony.framework */ = {isa = PBXFileReference; lastKnownFileType = wrapper.framework; name = CoreTelephony.framework; path = System/Library/Frameworks/CoreTelephony.framework; sourceTree = SDKROOT; };
		6E18A4B718CD5DB2005431A4 /* libicucore.dylib */ = {isa = PBXFileReference; lastKnownFileType = "compiled.mach-o.dylib"; name = libicucore.dylib; path = usr/lib/libicucore.dylib; sourceTree = SDKROOT; };
		6E18A4B918CD5DC1005431A4 /* libz.1.2.5.dylib */ = {isa = PBXFileReference; lastKnownFileType = "compiled.mach-o.dylib"; name = libz.1.2.5.dylib; path = usr/lib/libz.1.2.5.dylib; sourceTree = SDKROOT; };
		6E18A4BB18CD5DF7005431A4 /* libstdc++.dylib */ = {isa = PBXFileReference; lastKnownFileType = "compiled.mach-o.dylib"; name = "libstdc++.dylib"; path = "usr/lib/libstdc++.dylib"; sourceTree = SDKROOT; };
		6E18A4BD18CD5E0B005431A4 /* libsqlite3.dylib */ = {isa = PBXFileReference; lastKnownFileType = "compiled.mach-o.dylib"; name = libsqlite3.dylib; path = usr/lib/libsqlite3.dylib; sourceTree = SDKROOT; };
		6E18A4BF18CD5E1C005431A4 /* Security.framework */ = {isa = PBXFileReference; lastKnownFileType = wrapper.framework; name = Security.framework; path = System/Library/Frameworks/Security.framework; sourceTree = SDKROOT; };
		6E18A4C118CD5E2C005431A4 /* CoreMotion.framework */ = {isa = PBXFileReference; lastKnownFileType = wrapper.framework; name = CoreMotion.framework; path = System/Library/Frameworks/CoreMotion.framework; sourceTree = SDKROOT; };
		6E18A4C318CD5E3B005431A4 /* CoreLocation.framework */ = {isa = PBXFileReference; lastKnownFileType = wrapper.framework; name = CoreLocation.framework; path = System/Library/Frameworks/CoreLocation.framework; sourceTree = SDKROOT; };
		6E18A4C518CD5E4E005431A4 /* MediaPlayer.framework */ = {isa = PBXFileReference; lastKnownFileType = wrapper.framework; name = MediaPlayer.framework; path = System/Library/Frameworks/MediaPlayer.framework; sourceTree = SDKROOT; };
		6E18A4C718CD5E5C005431A4 /* CoreText.framework */ = {isa = PBXFileReference; lastKnownFileType = wrapper.framework; name = CoreText.framework; path = System/Library/Frameworks/CoreText.framework; sourceTree = SDKROOT; };
		6E18A4C918CD5E6D005431A4 /* AssetsLibrary.framework */ = {isa = PBXFileReference; lastKnownFileType = wrapper.framework; name = AssetsLibrary.framework; path = System/Library/Frameworks/AssetsLibrary.framework; sourceTree = SDKROOT; };
		6E18A4CB18CD5E7D005431A4 /* MessageUI.framework */ = {isa = PBXFileReference; lastKnownFileType = wrapper.framework; name = MessageUI.framework; path = System/Library/Frameworks/MessageUI.framework; sourceTree = SDKROOT; };
		6E18A4CD18CD7CAC005431A4 /* btn_icon_nav.png */ = {isa = PBXFileReference; lastKnownFileType = image.png; path = btn_icon_nav.png; sourceTree = "<group>"; };
		6E18A4CE18CD7CAC005431A4 /* btn_icon_nav@2x.png */ = {isa = PBXFileReference; lastKnownFileType = image.png; path = "btn_icon_nav@2x.png"; sourceTree = "<group>"; };
		6E18A4CF18CD7CAC005431A4 /* btn_icon_nav2.png */ = {isa = PBXFileReference; lastKnownFileType = image.png; path = btn_icon_nav2.png; sourceTree = "<group>"; };
		6E18A4D018CD7CAC005431A4 /* btn_icon_news.png */ = {isa = PBXFileReference; lastKnownFileType = image.png; path = btn_icon_news.png; sourceTree = "<group>"; };
		6E18A4D118CD7CAC005431A4 /* btn_icon_news@2x.png */ = {isa = PBXFileReference; lastKnownFileType = image.png; path = "btn_icon_news@2x.png"; sourceTree = "<group>"; };
		6E18A4D218CD7CAC005431A4 /* btn_icon_news2.png */ = {isa = PBXFileReference; lastKnownFileType = image.png; path = btn_icon_news2.png; sourceTree = "<group>"; };
		6E18A4D318CD7CAC005431A4 /* btn_icon_share.png */ = {isa = PBXFileReference; lastKnownFileType = image.png; path = btn_icon_share.png; sourceTree = "<group>"; };
		6E18A4D418CD7CAC005431A4 /* btn_icon_share@2x.png */ = {isa = PBXFileReference; lastKnownFileType = image.png; path = "btn_icon_share@2x.png"; sourceTree = "<group>"; };
		6E18A4D518CD7CAC005431A4 /* btn_icon_share2.png */ = {isa = PBXFileReference; lastKnownFileType = image.png; path = btn_icon_share2.png; sourceTree = "<group>"; };
		6E18A4D618CD7CAC005431A4 /* btn_icon_site.png */ = {isa = PBXFileReference; lastKnownFileType = image.png; path = btn_icon_site.png; sourceTree = "<group>"; };
		6E18A4D718CD7CAC005431A4 /* btn_icon_site@2x.png */ = {isa = PBXFileReference; lastKnownFileType = image.png; path = "btn_icon_site@2x.png"; sourceTree = "<group>"; };
		6E18A4D818CD7CAC005431A4 /* btn_icon_site2.png */ = {isa = PBXFileReference; lastKnownFileType = image.png; path = btn_icon_site2.png; sourceTree = "<group>"; };
		6E18A4E518CD9261005431A4 /* news_detail_back.png */ = {isa = PBXFileReference; lastKnownFileType = image.png; path = news_detail_back.png; sourceTree = "<group>"; };
		6E18A4E618CD9261005431A4 /* news_detail_back@2x.png */ = {isa = PBXFileReference; lastKnownFileType = image.png; path = "news_detail_back@2x.png"; sourceTree = "<group>"; };
		6E18A4E718CD9261005431A4 /* news_detail_hook.png */ = {isa = PBXFileReference; lastKnownFileType = image.png; path = news_detail_hook.png; sourceTree = "<group>"; };
		6E18A4E818CD9261005431A4 /* news_detail_hook@2x.png */ = {isa = PBXFileReference; lastKnownFileType = image.png; path = "news_detail_hook@2x.png"; sourceTree = "<group>"; };
		6E18A4E918CD9261005431A4 /* news_detail_share.png */ = {isa = PBXFileReference; lastKnownFileType = image.png; path = news_detail_share.png; sourceTree = "<group>"; };
		6E18A4EA18CD9261005431A4 /* news_detail_share@2x.png */ = {isa = PBXFileReference; lastKnownFileType = image.png; path = "news_detail_share@2x.png"; sourceTree = "<group>"; };
		6E18A4F118CDAC36005431A4 /* NavigationCell.h */ = {isa = PBXFileReference; fileEncoding = 4; lastKnownFileType = sourcecode.c.h; path = NavigationCell.h; sourceTree = "<group>"; };
		6E18A4F218CDAC36005431A4 /* NavigationCell.m */ = {isa = PBXFileReference; fileEncoding = 4; lastKnownFileType = sourcecode.c.objc; path = NavigationCell.m; sourceTree = "<group>"; };
		6E18A4F418CDADD2005431A4 /* navigation_icon.png */ = {isa = PBXFileReference; lastKnownFileType = image.png; path = navigation_icon.png; sourceTree = "<group>"; };
		6E18A4F518CDADD2005431A4 /* navigation_icon@2x.png */ = {isa = PBXFileReference; lastKnownFileType = image.png; path = "navigation_icon@2x.png"; sourceTree = "<group>"; };
		6E18A4F818CDC22D005431A4 /* ADView.xib */ = {isa = PBXFileReference; fileEncoding = 4; lastKnownFileType = file.xib; path = ADView.xib; sourceTree = "<group>"; };
/* End PBXFileReference section */

/* Begin PBXFrameworksBuildPhase section */
		3B834D1618B8792600AA5876 /* Frameworks */ = {
			isa = PBXFrameworksBuildPhase;
			buildActionMask = 2147483647;
			files = (
				6E18A4CC18CD5E7D005431A4 /* MessageUI.framework in Frameworks */,
				6E18A4CA18CD5E6D005431A4 /* AssetsLibrary.framework in Frameworks */,
				6E18A4C818CD5E5C005431A4 /* CoreText.framework in Frameworks */,
				6E18A4C618CD5E4E005431A4 /* MediaPlayer.framework in Frameworks */,
				6E18A4C418CD5E3B005431A4 /* CoreLocation.framework in Frameworks */,
				6E18A4C218CD5E2C005431A4 /* CoreMotion.framework in Frameworks */,
				6E18A4C018CD5E1C005431A4 /* Security.framework in Frameworks */,
				6E18A4BE18CD5E0B005431A4 /* libsqlite3.dylib in Frameworks */,
				6E18A4BC18CD5DF7005431A4 /* libstdc++.dylib in Frameworks */,
				6E18A4BA18CD5DC1005431A4 /* libz.1.2.5.dylib in Frameworks */,
				6E18A4B818CD5DB2005431A4 /* libicucore.dylib in Frameworks */,
				6E18A4B618CD5D9F005431A4 /* CoreTelephony.framework in Frameworks */,
				6E18A4B418CD5D8F005431A4 /* QuartzCore.framework in Frameworks */,
				6E18A4B218CD5D80005431A4 /* SystemConfiguration.framework in Frameworks */,
				6E18A47E18CD5CC6005431A4 /* LinkedInConnection.framework in Frameworks */,
				6E18A49E18CD5CC7005431A4 /* RennSDK.framework in Frameworks */,
				6E18A49918CD5CC6005431A4 /* Pinterest.framework in Frameworks */,
				6E18A47618CD5CC6005431A4 /* EverNoteConnection.framework in Frameworks */,
				6E18A48F18CD5CC6005431A4 /* WeChatConnection.framework in Frameworks */,
				6E18A4A118CD5CC7005431A4 /* libTCWeiboSDK.a in Frameworks */,
				6E18A49118CD5CC6005431A4 /* YouDaoNoteConnection.framework in Frameworks */,
				6E18A4A418CD5CC7005431A4 /* ShareSDK.framework in Frameworks */,
				6E18A48518CD5CC6005431A4 /* RenRenConnection.framework in Frameworks */,
				6E18A48418CD5CC6005431A4 /* QZoneConnection.framework in Frameworks */,
				6E18A48918CD5CC6005431A4 /* SohuWeiboConnection.framework in Frameworks */,
				6E18A47818CD5CC6005431A4 /* FlickrConnection.framework in Frameworks */,
				6E18A47918CD5CC6005431A4 /* GooglePlusConnection.framework in Frameworks */,
				6E18A48718CD5CC6005431A4 /* SMSConnection.framework in Frameworks */,
				6E18A48118CD5CC6005431A4 /* PocketConnection.framework in Frameworks */,
				6E18A4A318CD5CC7005431A4 /* libYixinSDK.a in Frameworks */,
				6E18A48018CD5CC6005431A4 /* PinterestConnection.framework in Frameworks */,
				6E18A48218CD5CC6005431A4 /* PrintConnection.framework in Frameworks */,
				3B834D1F18B8792600AA5876 /* CoreGraphics.framework in Frameworks */,
				6E18A49F18CD5CC7005431A4 /* libSinaWeiboSDK.a in Frameworks */,
				3B834D2118B8792600AA5876 /* UIKit.framework in Frameworks */,
				6E18A4A618CD5CC7005431A4 /* ShareSDKFlatShareViewUI.framework in Frameworks */,
				6E18A49818CD5CC6005431A4 /* GooglePlus.framework in Frameworks */,
				6E18A48C18CD5CC6005431A4 /* TumblrConnection.framework in Frameworks */,
				6E18A4A818CD5CC7005431A4 /* ShareSDKiPadDefaultShareViewUI.framework in Frameworks */,
				6E18A49518CD5CC6005431A4 /* ShareSDKCoreService.framework in Frameworks */,
				6E18A49618CD5CC6005431A4 /* GoogleOpenSource.framework in Frameworks */,
				6E18A4AF18CD5CC7005431A4 /* ShareSDKiPhoneSimpleShareViewUI.framework in Frameworks */,
				6E18A4AD18CD5CC7005431A4 /* ShareSDKiPhoneDefaultShareViewUI.framework in Frameworks */,
				6E18A49218CD5CC6005431A4 /* AGCommon.framework in Frameworks */,
				6E18A47518CD5CC6005431A4 /* DropboxConnection.framework in Frameworks */,
				6E18A48B18CD5CC6005431A4 /* TencentWeiboConnection.framework in Frameworks */,
				6E18A47F18CD5CC6005431A4 /* MailConnection.framework in Frameworks */,
				6E18A48A18CD5CC6005431A4 /* T163WeiboConnection.framework in Frameworks */,
				6E18A49B18CD5CC7005431A4 /* TencentOpenAPI.framework in Frameworks */,
				6E18A48E18CD5CC6005431A4 /* VKontakteConnection.framework in Frameworks */,
				3B834D1D18B8792600AA5876 /* Foundation.framework in Frameworks */,
				6E18A48318CD5CC6005431A4 /* QQConnection.framework in Frameworks */,
				6E18A47A18CD5CC6005431A4 /* InstagramConnection.framework in Frameworks */,
				2393E95399FB46959163341F /* libPods.a in Frameworks */,
				6E18A4AA18CD5CC7005431A4 /* ShareSDKiPadSimpleShareViewUI.framework in Frameworks */,
				6E18A49018CD5CC6005431A4 /* YiXinConnection.framework in Frameworks */,
				6E18A4AB18CD5CC7005431A4 /* ShareSDKiPhoneAppRecommendShareViewUI.framework in Frameworks */,
				6E18A47318CD5CC6005431A4 /* CopyConnection.framework in Frameworks */,
				6E18A47D18CD5CC6005431A4 /* KaiXinConnection.framework in Frameworks */,
				6E18A48618CD5CC6005431A4 /* SinaWeiboConnection.framework in Frameworks */,
				6E18A4A218CD5CC7005431A4 /* libWeChatSDK.a in Frameworks */,
				6E18A47B18CD5CC6005431A4 /* InstapaperConnection.framework in Frameworks */,
				6E18A48D18CD5CC6005431A4 /* TwitterConnection.framework in Frameworks */,
				6E18A4B018CD5CC7005431A4 /* ShareSDKShareActionSheet.framework in Frameworks */,
				6E18A48818CD5CC6005431A4 /* SohuConnection.framework in Frameworks */,
				6E18A47718CD5CC6005431A4 /* FacebookConnection.framework in Frameworks */,
				6E18A47418CD5CC6005431A4 /* DouBanConnection.framework in Frameworks */,
			);
			runOnlyForDeploymentPostprocessing = 0;
		};
		3B834D3718B8792600AA5876 /* Frameworks */ = {
			isa = PBXFrameworksBuildPhase;
			buildActionMask = 2147483647;
			files = (
				3B834D3C18B8792600AA5876 /* XCTest.framework in Frameworks */,
				3B834D3E18B8792600AA5876 /* UIKit.framework in Frameworks */,
				3B834D3D18B8792600AA5876 /* Foundation.framework in Frameworks */,
			);
			runOnlyForDeploymentPostprocessing = 0;
		};
/* End PBXFrameworksBuildPhase section */

/* Begin PBXGroup section */
		3B28FD9A18B9FAB100E1D5B1 /* EGOTableViewPullRefresh */ = {
			isa = PBXGroup;
			children = (
				3B28FD9B18B9FAB100E1D5B1 /* Classes */,
				3B28FDA418B9FAB100E1D5B1 /* Resources */,
			);
			path = EGOTableViewPullRefresh;
			sourceTree = "<group>";
		};
		3B28FD9B18B9FAB100E1D5B1 /* Classes */ = {
			isa = PBXGroup;
			children = (
				3B28FD9C18B9FAB100E1D5B1 /* EGORefreshTableHeaderView.h */,
				3B28FD9D18B9FAB100E1D5B1 /* EGORefreshTableHeaderView.m */,
				3B28FD9E18B9FAB100E1D5B1 /* LoadMoreTableFooterView.h */,
				3B28FD9F18B9FAB100E1D5B1 /* LoadMoreTableFooterView.m */,
				3B28FDA018B9FAB100E1D5B1 /* MessageInterceptor.h */,
				3B28FDA118B9FAB100E1D5B1 /* MessageInterceptor.m */,
				3B28FDA218B9FAB100E1D5B1 /* PullTableView.h */,
				3B28FDA318B9FAB100E1D5B1 /* PullTableView.m */,
			);
			path = Classes;
			sourceTree = "<group>";
		};
		3B28FDA418B9FAB100E1D5B1 /* Resources */ = {
			isa = PBXGroup;
			children = (
				3B28FDA518B9FAB100E1D5B1 /* blackArrow.png */,
				3B28FDA618B9FAB100E1D5B1 /* blackArrow@2x.png */,
				3B28FDA718B9FAB100E1D5B1 /* blueArrow.png */,
				3B28FDA818B9FAB100E1D5B1 /* blueArrow@2x.png */,
				3B28FDA918B9FAB100E1D5B1 /* grayArrow.png */,
				3B28FDAA18B9FAB100E1D5B1 /* grayArrow@2x.png */,
				3B28FDAB18B9FAB100E1D5B1 /* whiteArrow.png */,
				3B28FDAC18B9FAB100E1D5B1 /* whiteArrow@2x.png */,
			);
			path = Resources;
			sourceTree = "<group>";
		};
		3B7CD26518B9D4F300EC1975 /* libs */ = {
			isa = PBXGroup;
			children = (
				6E18A41F18CD5CC5005431A4 /* ShareSDK */,
				3B28FD9A18B9FAB100E1D5B1 /* EGOTableViewPullRefresh */,
			);
			path = libs;
			sourceTree = "<group>";
		};
		3B7CD26618B9D4F300EC1975 /* resource */ = {
			isa = PBXGroup;
			children = (
				3BFD6C5618C329630073F502 /* news_template.html */,
				3B574E8718C1A2A100C6F6FC /* cache.sql */,
				3B7CD26A18B9D78700EC1975 /* navigations.txt */,
			);
			path = resource;
			sourceTree = "<group>";
		};
		3B834D1018B8792600AA5876 = {
			isa = PBXGroup;
			children = (
				3B834D2218B8792600AA5876 /* HandOnEastWind */,
				3B834D4118B8792600AA5876 /* HandOnEastWindTests */,
				3B834D1B18B8792600AA5876 /* Frameworks */,
				3B834D1A18B8792600AA5876 /* Products */,
				38CAAF5270D84066949ADC37 /* Pods.xcconfig */,
			);
			sourceTree = "<group>";
		};
		3B834D1A18B8792600AA5876 /* Products */ = {
			isa = PBXGroup;
			children = (
				3B834D1918B8792600AA5876 /* HandOnEastWind.app */,
				3B834D3A18B8792600AA5876 /* HandOnEastWindTests.xctest */,
			);
			name = Products;
			sourceTree = "<group>";
		};
		3B834D1B18B8792600AA5876 /* Frameworks */ = {
			isa = PBXGroup;
			children = (
				6E18A4CB18CD5E7D005431A4 /* MessageUI.framework */,
				6E18A4C918CD5E6D005431A4 /* AssetsLibrary.framework */,
				6E18A4C718CD5E5C005431A4 /* CoreText.framework */,
				6E18A4C518CD5E4E005431A4 /* MediaPlayer.framework */,
				6E18A4C318CD5E3B005431A4 /* CoreLocation.framework */,
				6E18A4C118CD5E2C005431A4 /* CoreMotion.framework */,
				6E18A4BF18CD5E1C005431A4 /* Security.framework */,
				6E18A4BD18CD5E0B005431A4 /* libsqlite3.dylib */,
				6E18A4BB18CD5DF7005431A4 /* libstdc++.dylib */,
				6E18A4B918CD5DC1005431A4 /* libz.1.2.5.dylib */,
				6E18A4B718CD5DB2005431A4 /* libicucore.dylib */,
				6E18A4B518CD5D9F005431A4 /* CoreTelephony.framework */,
				6E18A4B318CD5D8F005431A4 /* QuartzCore.framework */,
				6E18A4B118CD5D80005431A4 /* SystemConfiguration.framework */,
				3B834D1C18B8792600AA5876 /* Foundation.framework */,
				3B834D1E18B8792600AA5876 /* CoreGraphics.framework */,
				3B834D2018B8792600AA5876 /* UIKit.framework */,
				3B834D3B18B8792600AA5876 /* XCTest.framework */,
				5349BA65B79B419F82402CEE /* libPods.a */,
			);
			name = Frameworks;
			sourceTree = "<group>";
		};
		3B834D2218B8792600AA5876 /* HandOnEastWind */ = {
			isa = PBXGroup;
			children = (
				3B7CD26518B9D4F300EC1975 /* libs */,
				3B7CD26618B9D4F300EC1975 /* resource */,
				3B834D5618B888E400AA5876 /* classes */,
				3B834D2B18B8792600AA5876 /* AppDelegate.h */,
				3B834D2C18B8792600AA5876 /* AppDelegate.m */,
				3B834D2E18B8792600AA5876 /* Main.storyboard */,
				3B834D3118B8792600AA5876 /* ViewController.h */,
				3B834D3218B8792600AA5876 /* ViewController.m */,
				3B834D3418B8792600AA5876 /* Images.xcassets */,
				3B834D5118B888AB00AA5876 /* images */,
				3B834D2318B8792600AA5876 /* Supporting Files */,
			);
			path = HandOnEastWind;
			sourceTree = "<group>";
		};
		3B834D2318B8792600AA5876 /* Supporting Files */ = {
			isa = PBXGroup;
			children = (
				3B834D2418B8792600AA5876 /* HandOnEastWind-Info.plist */,
				3B834D2518B8792600AA5876 /* InfoPlist.strings */,
				3B834D2818B8792600AA5876 /* main.m */,
				3B834D2A18B8792600AA5876 /* HandOnEastWind-Prefix.pch */,
			);
			name = "Supporting Files";
			sourceTree = "<group>";
		};
		3B834D4118B8792600AA5876 /* HandOnEastWindTests */ = {
			isa = PBXGroup;
			children = (
				3B834D4718B8792600AA5876 /* HandOnEastWindTests.m */,
				3B834D4218B8792600AA5876 /* Supporting Files */,
			);
			path = HandOnEastWindTests;
			sourceTree = "<group>";
		};
		3B834D4218B8792600AA5876 /* Supporting Files */ = {
			isa = PBXGroup;
			children = (
				3B834D4318B8792600AA5876 /* HandOnEastWindTests-Info.plist */,
				3B834D4418B8792600AA5876 /* InfoPlist.strings */,
			);
			name = "Supporting Files";
			sourceTree = "<group>";
		};
		3B834D5118B888AB00AA5876 /* images */ = {
			isa = PBXGroup;
			children = (
				6E18A4F418CDADD2005431A4 /* navigation_icon.png */,
				6E18A4F518CDADD2005431A4 /* navigation_icon@2x.png */,
				6E18A4E518CD9261005431A4 /* news_detail_back.png */,
				6E18A4E618CD9261005431A4 /* news_detail_back@2x.png */,
				6E18A4E718CD9261005431A4 /* news_detail_hook.png */,
				6E18A4E818CD9261005431A4 /* news_detail_hook@2x.png */,
				6E18A4E918CD9261005431A4 /* news_detail_share.png */,
				6E18A4EA18CD9261005431A4 /* news_detail_share@2x.png */,
				6E18A4CD18CD7CAC005431A4 /* btn_icon_nav.png */,
				6E18A4CE18CD7CAC005431A4 /* btn_icon_nav@2x.png */,
				6E18A4CF18CD7CAC005431A4 /* btn_icon_nav2.png */,
				6E18A4D018CD7CAC005431A4 /* btn_icon_news.png */,
				6E18A4D118CD7CAC005431A4 /* btn_icon_news@2x.png */,
				6E18A4D218CD7CAC005431A4 /* btn_icon_news2.png */,
				6E18A4D318CD7CAC005431A4 /* btn_icon_share.png */,
				6E18A4D418CD7CAC005431A4 /* btn_icon_share@2x.png */,
				6E18A4D518CD7CAC005431A4 /* btn_icon_share2.png */,
				6E18A4D618CD7CAC005431A4 /* btn_icon_site.png */,
				6E18A4D718CD7CAC005431A4 /* btn_icon_site@2x.png */,
				6E18A4D818CD7CAC005431A4 /* btn_icon_site2.png */,
				3BB0646E18CB3DE800F09ADD /* image_default.png */,
				3BB0646F18CB3DE800F09ADD /* image_default@2x.png */,
				3B834D5218B888C900AA5876 /* home_tabbar_bg.png */,
				3B834D5318B888C900AA5876 /* home_tabbar_bg@2x.png */,
			);
			path = images;
			sourceTree = "<group>";
		};
		3B834D5618B888E400AA5876 /* classes */ = {
			isa = PBXGroup;
			children = (
				3B574E8318C1A25400C6F6FC /* NewsModel.h */,
				3B574E8418C1A25400C6F6FC /* NewsModel.m */,
				3B834D5718B888F900AA5876 /* HomeViewController.h */,
				3B834D5818B888F900AA5876 /* HomeViewController.m */,
				3B574E8118C1A25400C6F6FC /* NavigationScrollView.h */,
				3B574E8218C1A25400C6F6FC /* NavigationScrollView.m */,
				3B9F1AE018B8D783007FD82E /* NavigationViewController.h */,
				3B9F1AE118B8D783007FD82E /* NavigationViewController.m */,
				6E18A4F118CDAC36005431A4 /* NavigationCell.h */,
				6E18A4F218CDAC36005431A4 /* NavigationCell.m */,
				3B9F1AE318B8D79E007FD82E /* NewsViewController.h */,
				3BB0646C18CB06CF00F09ADD /* NewsViewController.m */,
				3B9F1AEC18B8D90F007FD82E /* NewsDetailsViewController.h */,
				3B9F1AED18B8D90F007FD82E /* NewsDetailsViewController.m */,
				3B574E8B18C1C0DA00C6F6FC /* NewsCell.h */,
				3B574E8C18C1C0DA00C6F6FC /* NewsCell.m */,
				3B574E9118C1C13F00C6F6FC /* NewsCell.xib */,
				3B574E8E18C1C10400C6F6FC /* NewsFocusCell.h */,
				3B574E8F18C1C10400C6F6FC /* NewsFocusCell.m */,
				3B574E9318C1C17300C6F6FC /* NewsFocusCell.xib */,
				3B9F1AE618B8D7B7007FD82E /* SharedViewController.h */,
				3B9F1AE718B8D7B7007FD82E /* SharedViewController.m */,
				3B9F1AE918B8D7CD007FD82E /* SettingViewController.h */,
				3B9F1AEA18B8D7CD007FD82E /* SettingViewController.m */,
				3B7CD26018B9C2C100EC1975 /* CustomTabBarView.h */,
				3B7CD26118B9C2C100EC1975 /* CustomTabBarView.m */,
				3B7CD26318B9C2D900EC1975 /* CustomTabBarView.xib */,
				3BB0645D18CAE86F00F09ADD /* AdView.h */,
				3BB0645E18CAE86F00F09ADD /* AdView.m */,
				6E18A4F818CDC22D005431A4 /* ADView.xib */,
			);
			path = classes;
			sourceTree = "<group>";
		};
		6E18A41F18CD5CC5005431A4 /* ShareSDK */ = {
			isa = PBXGroup;
			children = (
				6E18A42018CD5CC5005431A4 /* Connection */,
				6E18A44018CD5CC6005431A4 /* Core */,
				6E18A44718CD5CC6005431A4 /* Extend */,
				6E18A46518CD5CC6005431A4 /* ShareSDK.framework */,
				6E18A46618CD5CC6005431A4 /* UI */,
			);
			path = ShareSDK;
			sourceTree = "<group>";
		};
		6E18A42018CD5CC5005431A4 /* Connection */ = {
			isa = PBXGroup;
			children = (
				6E18A42118CD5CC5005431A4 /* CopyConnection.framework */,
				6E18A42218CD5CC5005431A4 /* DouBanConnection.framework */,
				6E18A42318CD5CC5005431A4 /* DropboxConnection.framework */,
				6E18A42418CD5CC6005431A4 /* EverNoteConnection.framework */,
				6E18A42518CD5CC6005431A4 /* FacebookConnection.framework */,
				6E18A42618CD5CC6005431A4 /* FlickrConnection.framework */,
				6E18A42718CD5CC6005431A4 /* GooglePlusConnection.framework */,
				6E18A42818CD5CC6005431A4 /* InstagramConnection.framework */,
				6E18A42918CD5CC6005431A4 /* InstapaperConnection.framework */,
				6E18A42A18CD5CC6005431A4 /* InstapaperResource.bundle */,
				6E18A42B18CD5CC6005431A4 /* KaiXinConnection.framework */,
				6E18A42C18CD5CC6005431A4 /* LinkedInConnection.framework */,
				6E18A42D18CD5CC6005431A4 /* MailConnection.framework */,
				6E18A42E18CD5CC6005431A4 /* PinterestConnection.framework */,
				6E18A42F18CD5CC6005431A4 /* PocketConnection.framework */,
				6E18A43018CD5CC6005431A4 /* PrintConnection.framework */,
				6E18A43118CD5CC6005431A4 /* QQConnection.framework */,
				6E18A43218CD5CC6005431A4 /* QZoneConnection.framework */,
				6E18A43318CD5CC6005431A4 /* RenRenConnection.framework */,
				6E18A43418CD5CC6005431A4 /* SinaWeiboConnection.framework */,
				6E18A43518CD5CC6005431A4 /* SMSConnection.framework */,
				6E18A43618CD5CC6005431A4 /* SohuConnection.framework */,
				6E18A43718CD5CC6005431A4 /* SohuWeiboConnection.framework */,
				6E18A43818CD5CC6005431A4 /* T163WeiboConnection.framework */,
				6E18A43918CD5CC6005431A4 /* TencentWeiboConnection.framework */,
				6E18A43A18CD5CC6005431A4 /* TumblrConnection.framework */,
				6E18A43B18CD5CC6005431A4 /* TwitterConnection.framework */,
				6E18A43C18CD5CC6005431A4 /* VKontakteConnection.framework */,
				6E18A43D18CD5CC6005431A4 /* WeChatConnection.framework */,
				6E18A43E18CD5CC6005431A4 /* YiXinConnection.framework */,
				6E18A43F18CD5CC6005431A4 /* YouDaoNoteConnection.framework */,
			);
			path = Connection;
			sourceTree = "<group>";
		};
		6E18A44018CD5CC6005431A4 /* Core */ = {
			isa = PBXGroup;
			children = (
				6E18A44118CD5CC6005431A4 /* AGCommon.framework */,
				6E18A44218CD5CC6005431A4 /* ShareSDKLocalizable.strings */,
				6E18A44418CD5CC6005431A4 /* Resource.bundle */,
				6E18A44518CD5CC6005431A4 /* ShareSDKCoreService.framework */,
			);
			path = Core;
			sourceTree = "<group>";
		};
		6E18A44718CD5CC6005431A4 /* Extend */ = {
			isa = PBXGroup;
			children = (
				6E18A44818CD5CC6005431A4 /* GooglePlusSDK */,
				6E18A44C18CD5CC6005431A4 /* Pinterest.embeddedframework */,
				6E18A45018CD5CC6005431A4 /* QQConnectSDK */,
				6E18A45318CD5CC6005431A4 /* RenRenSDK */,
				6E18A45618CD5CC6005431A4 /* SinaWeiboSDK */,
				6E18A45A18CD5CC6005431A4 /* TencentWeiboSDK */,
				6E18A45D18CD5CC6005431A4 /* WeChatSDK */,
				6E18A46118CD5CC6005431A4 /* YiXinSDK */,
			);
			path = Extend;
			sourceTree = "<group>";
		};
		6E18A44818CD5CC6005431A4 /* GooglePlusSDK */ = {
			isa = PBXGroup;
			children = (
				6E18A44918CD5CC6005431A4 /* GoogleOpenSource.framework */,
				6E18A44A18CD5CC6005431A4 /* GooglePlus.bundle */,
				6E18A44B18CD5CC6005431A4 /* GooglePlus.framework */,
			);
			path = GooglePlusSDK;
			sourceTree = "<group>";
		};
		6E18A44C18CD5CC6005431A4 /* Pinterest.embeddedframework */ = {
			isa = PBXGroup;
			children = (
				6E18A44D18CD5CC6005431A4 /* Pinterest.framework */,
				6E18A44E18CD5CC6005431A4 /* Resources */,
			);
			path = Pinterest.embeddedframework;
			sourceTree = "<group>";
		};
		6E18A44E18CD5CC6005431A4 /* Resources */ = {
			isa = PBXGroup;
			children = (
				6E18A44F18CD5CC6005431A4 /* PinterestSDKResources.bundle */,
			);
			path = Resources;
			sourceTree = "<group>";
		};
		6E18A45018CD5CC6005431A4 /* QQConnectSDK */ = {
			isa = PBXGroup;
			children = (
				6E18A45118CD5CC6005431A4 /* TencentOpenAPI.framework */,
				6E18A45218CD5CC6005431A4 /* TencentOpenApi_IOS_Bundle.bundle */,
			);
			path = QQConnectSDK;
			sourceTree = "<group>";
		};
		6E18A45318CD5CC6005431A4 /* RenRenSDK */ = {
			isa = PBXGroup;
			children = (
				6E18A45418CD5CC6005431A4 /* RennSDK.bundle */,
				6E18A45518CD5CC6005431A4 /* RennSDK.framework */,
			);
			path = RenRenSDK;
			sourceTree = "<group>";
		};
		6E18A45618CD5CC6005431A4 /* SinaWeiboSDK */ = {
			isa = PBXGroup;
			children = (
				6E18A45718CD5CC6005431A4 /* libSinaWeiboSDK.a */,
				6E18A45818CD5CC6005431A4 /* WeiboSDK.bundle */,
				6E18A45918CD5CC6005431A4 /* WeiboSDK.h */,
			);
			path = SinaWeiboSDK;
			sourceTree = "<group>";
		};
		6E18A45A18CD5CC6005431A4 /* TencentWeiboSDK */ = {
			isa = PBXGroup;
			children = (
				6E18A45B18CD5CC6005431A4 /* libTCWeiboSDK.a */,
				6E18A45C18CD5CC6005431A4 /* WeiboApi.h */,
			);
			path = TencentWeiboSDK;
			sourceTree = "<group>";
		};
		6E18A45D18CD5CC6005431A4 /* WeChatSDK */ = {
			isa = PBXGroup;
			children = (
				6E18A45E18CD5CC6005431A4 /* libWeChatSDK.a */,
				6E18A45F18CD5CC6005431A4 /* WXApi.h */,
				6E18A46018CD5CC6005431A4 /* WXApiObject.h */,
			);
			path = WeChatSDK;
			sourceTree = "<group>";
		};
		6E18A46118CD5CC6005431A4 /* YiXinSDK */ = {
			isa = PBXGroup;
			children = (
				6E18A46218CD5CC6005431A4 /* libYixinSDK.a */,
				6E18A46318CD5CC6005431A4 /* YXApi.h */,
				6E18A46418CD5CC6005431A4 /* YXApiObject.h */,
			);
			path = YiXinSDK;
			sourceTree = "<group>";
		};
		6E18A46618CD5CC6005431A4 /* UI */ = {
			isa = PBXGroup;
			children = (
				6E18A46718CD5CC6005431A4 /* ShareSDKFlatShareViewUI.bundle */,
				6E18A46818CD5CC6005431A4 /* ShareSDKFlatShareViewUI.framework */,
				6E18A46918CD5CC6005431A4 /* ShareSDKiPadDefaultShareViewUI.bundle */,
				6E18A46A18CD5CC6005431A4 /* ShareSDKiPadDefaultShareViewUI.framework */,
				6E18A46B18CD5CC6005431A4 /* ShareSDKiPadSimpleShareViewUI.bundle */,
				6E18A46C18CD5CC6005431A4 /* ShareSDKiPadSimpleShareViewUI.framework */,
				6E18A46D18CD5CC6005431A4 /* ShareSDKiPhoneAppRecommendShareViewUI.framework */,
				6E18A46E18CD5CC6005431A4 /* ShareSDKiPhoneDefaultShareViewUI.bundle */,
				6E18A46F18CD5CC6005431A4 /* ShareSDKiPhoneDefaultShareViewUI.framework */,
				6E18A47018CD5CC6005431A4 /* ShareSDKiPhoneSimpleShareViewUI.bundle */,
				6E18A47118CD5CC6005431A4 /* ShareSDKiPhoneSimpleShareViewUI.framework */,
				6E18A47218CD5CC6005431A4 /* ShareSDKShareActionSheet.framework */,
			);
			path = UI;
			sourceTree = "<group>";
		};
/* End PBXGroup section */

/* Begin PBXNativeTarget section */
		3B834D1818B8792600AA5876 /* HandOnEastWind */ = {
			isa = PBXNativeTarget;
			buildConfigurationList = 3B834D4B18B8792600AA5876 /* Build configuration list for PBXNativeTarget "HandOnEastWind" */;
			buildPhases = (
				BE5E688510F54E71BC0B7EBD /* Check Pods Manifest.lock */,
				3B834D1518B8792600AA5876 /* Sources */,
				3B834D1618B8792600AA5876 /* Frameworks */,
				3B834D1718B8792600AA5876 /* Resources */,
				AC0DA5A480CF4F3EB755311C /* Copy Pods Resources */,
			);
			buildRules = (
			);
			dependencies = (
			);
			name = HandOnEastWind;
			productName = HandOnEastWind;
			productReference = 3B834D1918B8792600AA5876 /* HandOnEastWind.app */;
			productType = "com.apple.product-type.application";
		};
		3B834D3918B8792600AA5876 /* HandOnEastWindTests */ = {
			isa = PBXNativeTarget;
			buildConfigurationList = 3B834D4E18B8792600AA5876 /* Build configuration list for PBXNativeTarget "HandOnEastWindTests" */;
			buildPhases = (
				3B834D3618B8792600AA5876 /* Sources */,
				3B834D3718B8792600AA5876 /* Frameworks */,
				3B834D3818B8792600AA5876 /* Resources */,
			);
			buildRules = (
			);
			dependencies = (
				3B834D4018B8792600AA5876 /* PBXTargetDependency */,
			);
			name = HandOnEastWindTests;
			productName = HandOnEastWindTests;
			productReference = 3B834D3A18B8792600AA5876 /* HandOnEastWindTests.xctest */;
			productType = "com.apple.product-type.bundle.unit-test";
		};
/* End PBXNativeTarget section */

/* Begin PBXProject section */
		3B834D1118B8792600AA5876 /* Project object */ = {
			isa = PBXProject;
			attributes = {
				LastUpgradeCheck = 0500;
				ORGANIZATIONNAME = lidi;
				TargetAttributes = {
					3B834D3918B8792600AA5876 = {
						TestTargetID = 3B834D1818B8792600AA5876;
					};
				};
			};
			buildConfigurationList = 3B834D1418B8792600AA5876 /* Build configuration list for PBXProject "HandOnEastWind" */;
			compatibilityVersion = "Xcode 3.2";
			developmentRegion = English;
			hasScannedForEncodings = 0;
			knownRegions = (
				en,
				Base,
				"zh-Hans",
			);
			mainGroup = 3B834D1018B8792600AA5876;
			productRefGroup = 3B834D1A18B8792600AA5876 /* Products */;
			projectDirPath = "";
			projectRoot = "";
			targets = (
				3B834D1818B8792600AA5876 /* HandOnEastWind */,
				3B834D3918B8792600AA5876 /* HandOnEastWindTests */,
			);
		};
/* End PBXProject section */

/* Begin PBXResourcesBuildPhase section */
		3B834D1718B8792600AA5876 /* Resources */ = {
			isa = PBXResourcesBuildPhase;
			buildActionMask = 2147483647;
			files = (
				6E18A47C18CD5CC6005431A4 /* InstapaperResource.bundle in Resources */,
				6E18A49718CD5CC6005431A4 /* GooglePlus.bundle in Resources */,
				6E18A4F018CD9261005431A4 /* news_detail_share@2x.png in Resources */,
				6E18A4DD18CD7CAC005431A4 /* btn_icon_news@2x.png in Resources */,
				3B834D3518B8792600AA5876 /* Images.xcassets in Resources */,
				3B28FDB118B9FAB100E1D5B1 /* blackArrow.png in Resources */,
				6E18A4A018CD5CC7005431A4 /* WeiboSDK.bundle in Resources */,
				6E18A4A918CD5CC7005431A4 /* ShareSDKiPadSimpleShareViewUI.bundle in Resources */,
				6E18A4DE18CD7CAC005431A4 /* btn_icon_news2.png in Resources */,
				6E18A4E318CD7CAC005431A4 /* btn_icon_site@2x.png in Resources */,
				3B28FDB618B9FAB100E1D5B1 /* grayArrow@2x.png in Resources */,
				3B28FDB718B9FAB100E1D5B1 /* whiteArrow.png in Resources */,
				6E18A4E018CD7CAC005431A4 /* btn_icon_share@2x.png in Resources */,
				3B834D5418B888C900AA5876 /* home_tabbar_bg.png in Resources */,
				3B834D2718B8792600AA5876 /* InfoPlist.strings in Resources */,
				6E18A4DB18CD7CAC005431A4 /* btn_icon_nav2.png in Resources */,
				3B834D3018B8792600AA5876 /* Main.storyboard in Resources */,
				3B28FDB818B9FAB100E1D5B1 /* whiteArrow@2x.png in Resources */,
				6E18A4EE18CD9261005431A4 /* news_detail_hook@2x.png in Resources */,
				6E18A4DF18CD7CAC005431A4 /* btn_icon_share.png in Resources */,
				6E18A4DA18CD7CAC005431A4 /* btn_icon_nav@2x.png in Resources */,
				6E18A4EC18CD9261005431A4 /* news_detail_back@2x.png in Resources */,
				6E18A4DC18CD7CAC005431A4 /* btn_icon_news.png in Resources */,
				3B28FDB218B9FAB100E1D5B1 /* blackArrow@2x.png in Resources */,
				6E18A4F918CDC22D005431A4 /* ADView.xib in Resources */,
				6E18A4E218CD7CAC005431A4 /* btn_icon_site.png in Resources */,
				6E18A49D18CD5CC7005431A4 /* RennSDK.bundle in Resources */,
				6E18A4AE18CD5CC7005431A4 /* ShareSDKiPhoneSimpleShareViewUI.bundle in Resources */,
				3BFD6C5718C329630073F502 /* news_template.html in Resources */,
				3B28FDB518B9FAB100E1D5B1 /* grayArrow.png in Resources */,
				3BB0647018CB3DE800F09ADD /* image_default.png in Resources */,
				3B28FDB418B9FAB100E1D5B1 /* blueArrow@2x.png in Resources */,
				3B574E9218C1C13F00C6F6FC /* NewsCell.xib in Resources */,
				6E18A49418CD5CC6005431A4 /* Resource.bundle in Resources */,
				3B574E8818C1A2A100C6F6FC /* cache.sql in Resources */,
				3B574E9418C1C17300C6F6FC /* NewsFocusCell.xib in Resources */,
				6E18A4D918CD7CAC005431A4 /* btn_icon_nav.png in Resources */,
				6E18A49A18CD5CC7005431A4 /* PinterestSDKResources.bundle in Resources */,
				6E18A4F718CDADD2005431A4 /* navigation_icon@2x.png in Resources */,
				3BB0647118CB3DE800F09ADD /* image_default@2x.png in Resources */,
				3B7CD26B18B9D78700EC1975 /* navigations.txt in Resources */,
				3B28FDB318B9FAB100E1D5B1 /* blueArrow.png in Resources */,
				6E18A4E418CD7CAC005431A4 /* btn_icon_site2.png in Resources */,
				6E18A4A718CD5CC7005431A4 /* ShareSDKiPadDefaultShareViewUI.bundle in Resources */,
				6E18A4F618CDADD2005431A4 /* navigation_icon.png in Resources */,
				3B834D5518B888C900AA5876 /* home_tabbar_bg@2x.png in Resources */,
				6E18A4EF18CD9261005431A4 /* news_detail_share.png in Resources */,
				6E18A49C18CD5CC7005431A4 /* TencentOpenApi_IOS_Bundle.bundle in Resources */,
				6E18A49318CD5CC6005431A4 /* ShareSDKLocalizable.strings in Resources */,
				6E18A4EB18CD9261005431A4 /* news_detail_back.png in Resources */,
				6E18A4AC18CD5CC7005431A4 /* ShareSDKiPhoneDefaultShareViewUI.bundle in Resources */,
				6E18A4A518CD5CC7005431A4 /* ShareSDKFlatShareViewUI.bundle in Resources */,
				3B7CD26418B9C2D900EC1975 /* CustomTabBarView.xib in Resources */,
				6E18A4ED18CD9261005431A4 /* news_detail_hook.png in Resources */,
				6E18A4E118CD7CAC005431A4 /* btn_icon_share2.png in Resources */,
			);
			runOnlyForDeploymentPostprocessing = 0;
		};
		3B834D3818B8792600AA5876 /* Resources */ = {
			isa = PBXResourcesBuildPhase;
			buildActionMask = 2147483647;
			files = (
				3B834D4618B8792600AA5876 /* InfoPlist.strings in Resources */,
			);
			runOnlyForDeploymentPostprocessing = 0;
		};
/* End PBXResourcesBuildPhase section */

/* Begin PBXShellScriptBuildPhase section */
		AC0DA5A480CF4F3EB755311C /* Copy Pods Resources */ = {
			isa = PBXShellScriptBuildPhase;
			buildActionMask = 2147483647;
			files = (
			);
			inputPaths = (
			);
			name = "Copy Pods Resources";
			outputPaths = (
			);
			runOnlyForDeploymentPostprocessing = 0;
			shellPath = /bin/sh;
			shellScript = "\"${SRCROOT}/Pods/Pods-resources.sh\"\n";
			showEnvVarsInLog = 0;
		};
		BE5E688510F54E71BC0B7EBD /* Check Pods Manifest.lock */ = {
			isa = PBXShellScriptBuildPhase;
			buildActionMask = 2147483647;
			files = (
			);
			inputPaths = (
			);
			name = "Check Pods Manifest.lock";
			outputPaths = (
			);
			runOnlyForDeploymentPostprocessing = 0;
			shellPath = /bin/sh;
			shellScript = "diff \"${PODS_ROOT}/../Podfile.lock\" \"${PODS_ROOT}/Manifest.lock\" > /dev/null\nif [[ $? != 0 ]] ; then\n    cat << EOM\nerror: The sandbox is not in sync with the Podfile.lock. Run 'pod install' or update your CocoaPods installation.\nEOM\n    exit 1\nfi\n";
			showEnvVarsInLog = 0;
		};
/* End PBXShellScriptBuildPhase section */

/* Begin PBXSourcesBuildPhase section */
		3B834D1518B8792600AA5876 /* Sources */ = {
			isa = PBXSourcesBuildPhase;
			buildActionMask = 2147483647;
			files = (
				3B28FDB018B9FAB100E1D5B1 /* PullTableView.m in Sources */,
				3B834D3318B8792600AA5876 /* ViewController.m in Sources */,
				3B28FDAF18B9FAB100E1D5B1 /* MessageInterceptor.m in Sources */,
				3B28FDAE18B9FAB100E1D5B1 /* LoadMoreTableFooterView.m in Sources */,
				3B574E8618C1A25400C6F6FC /* NewsModel.m in Sources */,
				3B574E8D18C1C0DA00C6F6FC /* NewsCell.m in Sources */,
				3B834D2D18B8792600AA5876 /* AppDelegate.m in Sources */,
				6E18A4F318CDAC36005431A4 /* NavigationCell.m in Sources */,
				3B574E8518C1A25400C6F6FC /* NavigationScrollView.m in Sources */,
				3B9F1AE218B8D783007FD82E /* NavigationViewController.m in Sources */,
				3B834D2918B8792600AA5876 /* main.m in Sources */,
				3B7CD26218B9C2C100EC1975 /* CustomTabBarView.m in Sources */,
				3BB0645F18CAE86F00F09ADD /* AdView.m in Sources */,
				3B9F1AE818B8D7B7007FD82E /* SharedViewController.m in Sources */,
				3B28FDAD18B9FAB100E1D5B1 /* EGORefreshTableHeaderView.m in Sources */,
				3B834D5918B888F900AA5876 /* HomeViewController.m in Sources */,
				3B9F1AEE18B8D90F007FD82E /* NewsDetailsViewController.m in Sources */,
				3BB0646D18CB06CF00F09ADD /* NewsViewController.m in Sources */,
				3B9F1AEB18B8D7CD007FD82E /* SettingViewController.m in Sources */,
				3B574E9018C1C10400C6F6FC /* NewsFocusCell.m in Sources */,
			);
			runOnlyForDeploymentPostprocessing = 0;
		};
		3B834D3618B8792600AA5876 /* Sources */ = {
			isa = PBXSourcesBuildPhase;
			buildActionMask = 2147483647;
			files = (
				3B834D4818B8792600AA5876 /* HandOnEastWindTests.m in Sources */,
			);
			runOnlyForDeploymentPostprocessing = 0;
		};
/* End PBXSourcesBuildPhase section */

/* Begin PBXTargetDependency section */
		3B834D4018B8792600AA5876 /* PBXTargetDependency */ = {
			isa = PBXTargetDependency;
			target = 3B834D1818B8792600AA5876 /* HandOnEastWind */;
			targetProxy = 3B834D3F18B8792600AA5876 /* PBXContainerItemProxy */;
		};
/* End PBXTargetDependency section */

/* Begin PBXVariantGroup section */
		3B834D2518B8792600AA5876 /* InfoPlist.strings */ = {
			isa = PBXVariantGroup;
			children = (
				3B834D2618B8792600AA5876 /* en */,
			);
			name = InfoPlist.strings;
			sourceTree = "<group>";
		};
		3B834D2E18B8792600AA5876 /* Main.storyboard */ = {
			isa = PBXVariantGroup;
			children = (
				3B834D2F18B8792600AA5876 /* Base */,
			);
			name = Main.storyboard;
			sourceTree = "<group>";
		};
		3B834D4418B8792600AA5876 /* InfoPlist.strings */ = {
			isa = PBXVariantGroup;
			children = (
				3B834D4518B8792600AA5876 /* en */,
			);
			name = InfoPlist.strings;
			sourceTree = "<group>";
		};
		6E18A44218CD5CC6005431A4 /* ShareSDKLocalizable.strings */ = {
			isa = PBXVariantGroup;
			children = (
				6E18A44318CD5CC6005431A4 /* en */,
				6E18A44618CD5CC6005431A4 /* zh-Hans */,
			);
			name = ShareSDKLocalizable.strings;
			sourceTree = "<group>";
		};
/* End PBXVariantGroup section */

/* Begin XCBuildConfiguration section */
		3B834D4918B8792600AA5876 /* Debug */ = {
			isa = XCBuildConfiguration;
			buildSettings = {
				ALWAYS_SEARCH_USER_PATHS = NO;
				ARCHS = "$(ARCHS_STANDARD)";
				CLANG_CXX_LANGUAGE_STANDARD = "gnu++0x";
				CLANG_CXX_LIBRARY = "libc++";
				CLANG_ENABLE_MODULES = YES;
				CLANG_ENABLE_OBJC_ARC = YES;
				CLANG_WARN_BOOL_CONVERSION = YES;
				CLANG_WARN_CONSTANT_CONVERSION = YES;
				CLANG_WARN_DIRECT_OBJC_ISA_USAGE = YES_ERROR;
				CLANG_WARN_EMPTY_BODY = YES;
				CLANG_WARN_ENUM_CONVERSION = YES;
				CLANG_WARN_INT_CONVERSION = YES;
				CLANG_WARN_OBJC_ROOT_CLASS = YES_ERROR;
				CLANG_WARN__DUPLICATE_METHOD_MATCH = YES;
				"CODE_SIGN_IDENTITY[sdk=iphoneos*]" = "iPhone Developer";
				COPY_PHASE_STRIP = NO;
				GCC_C_LANGUAGE_STANDARD = gnu99;
				GCC_DYNAMIC_NO_PIC = NO;
				GCC_OPTIMIZATION_LEVEL = 0;
				GCC_PREPROCESSOR_DEFINITIONS = (
					"DEBUG=1",
					"$(inherited)",
				);
				GCC_SYMBOLS_PRIVATE_EXTERN = NO;
				GCC_WARN_64_TO_32_BIT_CONVERSION = YES;
				GCC_WARN_ABOUT_RETURN_TYPE = YES_ERROR;
				GCC_WARN_UNDECLARED_SELECTOR = YES;
				GCC_WARN_UNINITIALIZED_AUTOS = YES;
				GCC_WARN_UNUSED_FUNCTION = YES;
				GCC_WARN_UNUSED_VARIABLE = YES;
				IPHONEOS_DEPLOYMENT_TARGET = 6.0;
				ONLY_ACTIVE_ARCH = YES;
				SDKROOT = iphoneos;
			};
			name = Debug;
		};
		3B834D4A18B8792600AA5876 /* Release */ = {
			isa = XCBuildConfiguration;
			buildSettings = {
				ALWAYS_SEARCH_USER_PATHS = NO;
				ARCHS = "$(ARCHS_STANDARD)";
				CLANG_CXX_LANGUAGE_STANDARD = "gnu++0x";
				CLANG_CXX_LIBRARY = "libc++";
				CLANG_ENABLE_MODULES = YES;
				CLANG_ENABLE_OBJC_ARC = YES;
				CLANG_WARN_BOOL_CONVERSION = YES;
				CLANG_WARN_CONSTANT_CONVERSION = YES;
				CLANG_WARN_DIRECT_OBJC_ISA_USAGE = YES_ERROR;
				CLANG_WARN_EMPTY_BODY = YES;
				CLANG_WARN_ENUM_CONVERSION = YES;
				CLANG_WARN_INT_CONVERSION = YES;
				CLANG_WARN_OBJC_ROOT_CLASS = YES_ERROR;
				CLANG_WARN__DUPLICATE_METHOD_MATCH = YES;
				"CODE_SIGN_IDENTITY[sdk=iphoneos*]" = "iPhone Developer";
				COPY_PHASE_STRIP = YES;
				ENABLE_NS_ASSERTIONS = NO;
				GCC_C_LANGUAGE_STANDARD = gnu99;
				GCC_WARN_64_TO_32_BIT_CONVERSION = YES;
				GCC_WARN_ABOUT_RETURN_TYPE = YES_ERROR;
				GCC_WARN_UNDECLARED_SELECTOR = YES;
				GCC_WARN_UNINITIALIZED_AUTOS = YES;
				GCC_WARN_UNUSED_FUNCTION = YES;
				GCC_WARN_UNUSED_VARIABLE = YES;
				IPHONEOS_DEPLOYMENT_TARGET = 6.0;
				SDKROOT = iphoneos;
				VALIDATE_PRODUCT = YES;
			};
			name = Release;
		};
		3B834D4C18B8792600AA5876 /* Debug */ = {
			isa = XCBuildConfiguration;
			baseConfigurationReference = 38CAAF5270D84066949ADC37 /* Pods.xcconfig */;
			buildSettings = {
				ASSETCATALOG_COMPILER_APPICON_NAME = AppIcon;
				ASSETCATALOG_COMPILER_LAUNCHIMAGE_NAME = LaunchImage;
				FRAMEWORK_SEARCH_PATHS = (
					"$(inherited)",
					/Users/jijeMac/Desktop/poketeastwind/HandOnEastWind/HandOnEastWind/libs/ShareSDK/Connection,
					/Users/jijeMac/Desktop/poketeastwind/HandOnEastWind/HandOnEastWind/libs/ShareSDK/Core,
					/Users/jijeMac/Desktop/poketeastwind/HandOnEastWind/HandOnEastWind/libs/ShareSDK/Extend/GooglePlusSDK,
					/Users/jijeMac/Desktop/poketeastwind/HandOnEastWind/HandOnEastWind/libs/ShareSDK/Extend/Pinterest.embeddedframework,
					/Users/jijeMac/Desktop/poketeastwind/HandOnEastWind/HandOnEastWind/libs/ShareSDK/Extend/QQConnectSDK,
					/Users/jijeMac/Desktop/poketeastwind/HandOnEastWind/HandOnEastWind/libs/ShareSDK/Extend/RenRenSDK,
					/Users/jijeMac/Desktop/poketeastwind/HandOnEastWind/HandOnEastWind/libs/ShareSDK,
					/Users/jijeMac/Desktop/poketeastwind/HandOnEastWind/HandOnEastWind/libs/ShareSDK/UI,
				);
				GCC_PRECOMPILE_PREFIX_HEADER = YES;
				GCC_PREFIX_HEADER = "HandOnEastWind/HandOnEastWind-Prefix.pch";
				INFOPLIST_FILE = "HandOnEastWind/HandOnEastWind-Info.plist";
				LIBRARY_SEARCH_PATHS = (
					"$(inherited)",
					/Users/jijeMac/Desktop/poketeastwind/HandOnEastWind/HandOnEastWind/libs/ShareSDK/Extend/SinaWeiboSDK,
					/Users/jijeMac/Desktop/poketeastwind/HandOnEastWind/HandOnEastWind/libs/ShareSDK/Extend/TencentWeiboSDK,
					/Users/jijeMac/Desktop/poketeastwind/HandOnEastWind/HandOnEastWind/libs/ShareSDK/Extend/WeChatSDK,
					/Users/jijeMac/Desktop/poketeastwind/HandOnEastWind/HandOnEastWind/libs/ShareSDK/Extend/YiXinSDK,
				);
				PRODUCT_NAME = "$(TARGET_NAME)";
				WRAPPER_EXTENSION = app;
			};
			name = Debug;
		};
		3B834D4D18B8792600AA5876 /* Release */ = {
			isa = XCBuildConfiguration;
			baseConfigurationReference = 38CAAF5270D84066949ADC37 /* Pods.xcconfig */;
			buildSettings = {
				ASSETCATALOG_COMPILER_APPICON_NAME = AppIcon;
				ASSETCATALOG_COMPILER_LAUNCHIMAGE_NAME = LaunchImage;
				FRAMEWORK_SEARCH_PATHS = (
					"$(inherited)",
					/Users/jijeMac/Desktop/poketeastwind/HandOnEastWind/HandOnEastWind/libs/ShareSDK/Connection,
					/Users/jijeMac/Desktop/poketeastwind/HandOnEastWind/HandOnEastWind/libs/ShareSDK/Core,
					/Users/jijeMac/Desktop/poketeastwind/HandOnEastWind/HandOnEastWind/libs/ShareSDK/Extend/GooglePlusSDK,
					/Users/jijeMac/Desktop/poketeastwind/HandOnEastWind/HandOnEastWind/libs/ShareSDK/Extend/Pinterest.embeddedframework,
					/Users/jijeMac/Desktop/poketeastwind/HandOnEastWind/HandOnEastWind/libs/ShareSDK/Extend/QQConnectSDK,
					/Users/jijeMac/Desktop/poketeastwind/HandOnEastWind/HandOnEastWind/libs/ShareSDK/Extend/RenRenSDK,
					/Users/jijeMac/Desktop/poketeastwind/HandOnEastWind/HandOnEastWind/libs/ShareSDK,
					/Users/jijeMac/Desktop/poketeastwind/HandOnEastWind/HandOnEastWind/libs/ShareSDK/UI,
				);
				GCC_PRECOMPILE_PREFIX_HEADER = YES;
				GCC_PREFIX_HEADER = "HandOnEastWind/HandOnEastWind-Prefix.pch";
				INFOPLIST_FILE = "HandOnEastWind/HandOnEastWind-Info.plist";
				LIBRARY_SEARCH_PATHS = (
					"$(inherited)",
					/Users/jijeMac/Desktop/poketeastwind/HandOnEastWind/HandOnEastWind/libs/ShareSDK/Extend/SinaWeiboSDK,
					/Users/jijeMac/Desktop/poketeastwind/HandOnEastWind/HandOnEastWind/libs/ShareSDK/Extend/TencentWeiboSDK,
					/Users/jijeMac/Desktop/poketeastwind/HandOnEastWind/HandOnEastWind/libs/ShareSDK/Extend/WeChatSDK,
					/Users/jijeMac/Desktop/poketeastwind/HandOnEastWind/HandOnEastWind/libs/ShareSDK/Extend/YiXinSDK,
				);
				PRODUCT_NAME = "$(TARGET_NAME)";
				WRAPPER_EXTENSION = app;
			};
			name = Release;
		};
		3B834D4F18B8792600AA5876 /* Debug */ = {
			isa = XCBuildConfiguration;
			buildSettings = {
				ARCHS = "$(ARCHS_STANDARD_INCLUDING_64_BIT)";
				BUNDLE_LOADER = "$(BUILT_PRODUCTS_DIR)/HandOnEastWind.app/HandOnEastWind";
				FRAMEWORK_SEARCH_PATHS = (
					"$(SDKROOT)/Developer/Library/Frameworks",
					"$(inherited)",
					"$(DEVELOPER_FRAMEWORKS_DIR)",
				);
				GCC_PRECOMPILE_PREFIX_HEADER = YES;
				GCC_PREFIX_HEADER = "HandOnEastWind/HandOnEastWind-Prefix.pch";
				GCC_PREPROCESSOR_DEFINITIONS = (
					"DEBUG=1",
					"$(inherited)",
				);
				INFOPLIST_FILE = "HandOnEastWindTests/HandOnEastWindTests-Info.plist";
				PRODUCT_NAME = "$(TARGET_NAME)";
				TEST_HOST = "$(BUNDLE_LOADER)";
				WRAPPER_EXTENSION = xctest;
			};
			name = Debug;
		};
		3B834D5018B8792600AA5876 /* Release */ = {
			isa = XCBuildConfiguration;
			buildSettings = {
				ARCHS = "$(ARCHS_STANDARD_INCLUDING_64_BIT)";
				BUNDLE_LOADER = "$(BUILT_PRODUCTS_DIR)/HandOnEastWind.app/HandOnEastWind";
				FRAMEWORK_SEARCH_PATHS = (
					"$(SDKROOT)/Developer/Library/Frameworks",
					"$(inherited)",
					"$(DEVELOPER_FRAMEWORKS_DIR)",
				);
				GCC_PRECOMPILE_PREFIX_HEADER = YES;
				GCC_PREFIX_HEADER = "HandOnEastWind/HandOnEastWind-Prefix.pch";
				INFOPLIST_FILE = "HandOnEastWindTests/HandOnEastWindTests-Info.plist";
				PRODUCT_NAME = "$(TARGET_NAME)";
				TEST_HOST = "$(BUNDLE_LOADER)";
				WRAPPER_EXTENSION = xctest;
			};
			name = Release;
		};
/* End XCBuildConfiguration section */

/* Begin XCConfigurationList section */
		3B834D1418B8792600AA5876 /* Build configuration list for PBXProject "HandOnEastWind" */ = {
			isa = XCConfigurationList;
			buildConfigurations = (
				3B834D4918B8792600AA5876 /* Debug */,
				3B834D4A18B8792600AA5876 /* Release */,
			);
			defaultConfigurationIsVisible = 0;
			defaultConfigurationName = Release;
		};
		3B834D4B18B8792600AA5876 /* Build configuration list for PBXNativeTarget "HandOnEastWind" */ = {
			isa = XCConfigurationList;
			buildConfigurations = (
				3B834D4C18B8792600AA5876 /* Debug */,
				3B834D4D18B8792600AA5876 /* Release */,
			);
			defaultConfigurationIsVisible = 0;
			defaultConfigurationName = Release;
		};
		3B834D4E18B8792600AA5876 /* Build configuration list for PBXNativeTarget "HandOnEastWindTests" */ = {
			isa = XCConfigurationList;
			buildConfigurations = (
				3B834D4F18B8792600AA5876 /* Debug */,
				3B834D5018B8792600AA5876 /* Release */,
			);
			defaultConfigurationIsVisible = 0;
			defaultConfigurationName = Release;
		};
/* End XCConfigurationList section */
	};
	rootObject = 3B834D1118B8792600AA5876 /* Project object */;
}
